// !$*UTF8*$!
{
	archiveVersion = 1;
	classes = {
	};
	objectVersion = 46;
	objects = {

/* Begin PBXBuildFile section */
		E6138CCB1C79B97B003A370E /* UCEditProfileViewController.m in Sources */ = {isa = PBXBuildFile; fileRef = E6138CCA1C79B97B003A370E /* UCEditProfileViewController.m */; };
		E61ADDFE1C72BFF0009D0324 /* UCUserAddressViewController.m in Sources */ = {isa = PBXBuildFile; fileRef = E61ADDFD1C72BFF0009D0324 /* UCUserAddressViewController.m */; };
		E61ADE011C72D813009D0324 /* UCAddressDetailsViewController.m in Sources */ = {isa = PBXBuildFile; fileRef = E61ADE001C72D813009D0324 /* UCAddressDetailsViewController.m */; };
		E61CCE761C7201B100CAF626 /* CKeyboardToolBar.m in Sources */ = {isa = PBXBuildFile; fileRef = E61CCE751C7201B100CAF626 /* CKeyboardToolBar.m */; };
		E647324E1C5CA0DF008061A5 /* CSlidingViewController.m in Sources */ = {isa = PBXBuildFile; fileRef = E647324D1C5CA0DF008061A5 /* CSlidingViewController.m */; };
		E64732541C5CA422008061A5 /* HGoodsDescriptionsViewController.m in Sources */ = {isa = PBXBuildFile; fileRef = E64732531C5CA422008061A5 /* HGoodsDescriptionsViewController.m */; };
		E64732571C5CA449008061A5 /* HGoodsImageInfoViewController.m in Sources */ = {isa = PBXBuildFile; fileRef = E64732561C5CA449008061A5 /* HGoodsImageInfoViewController.m */; };
		E65B0B351C4F7A24002262F1 /* main.m in Sources */ = {isa = PBXBuildFile; fileRef = E65B0B341C4F7A24002262F1 /* main.m */; };
		E65B0B381C4F7A24002262F1 /* AppDelegate.m in Sources */ = {isa = PBXBuildFile; fileRef = E65B0B371C4F7A24002262F1 /* AppDelegate.m */; };
		E65B0B401C4F7A24002262F1 /* Assets.xcassets in Resources */ = {isa = PBXBuildFile; fileRef = E65B0B3F1C4F7A24002262F1 /* Assets.xcassets */; };
		E65B0B431C4F7A24002262F1 /* LaunchScreen.storyboard in Resources */ = {isa = PBXBuildFile; fileRef = E65B0B411C4F7A24002262F1 /* LaunchScreen.storyboard */; };
		E65B0B521C4F8005002262F1 /* UIView+Frame.m in Sources */ = {isa = PBXBuildFile; fileRef = E65B0B511C4F8005002262F1 /* UIView+Frame.m */; };
		E65B0B551C4F8205002262F1 /* UILabel+AutoFrame.m in Sources */ = {isa = PBXBuildFile; fileRef = E65B0B541C4F8205002262F1 /* UILabel+AutoFrame.m */; };
		E65B0B641C4F84B8002262F1 /* AFHTTPSessionManager.m in Sources */ = {isa = PBXBuildFile; fileRef = E65B0B581C4F84B8002262F1 /* AFHTTPSessionManager.m */; };
		E65B0B651C4F84B8002262F1 /* AFNetworkReachabilityManager.m in Sources */ = {isa = PBXBuildFile; fileRef = E65B0B5B1C4F84B8002262F1 /* AFNetworkReachabilityManager.m */; };
		E65B0B661C4F84B8002262F1 /* AFSecurityPolicy.m in Sources */ = {isa = PBXBuildFile; fileRef = E65B0B5D1C4F84B8002262F1 /* AFSecurityPolicy.m */; };
		E65B0B671C4F84B8002262F1 /* AFURLRequestSerialization.m in Sources */ = {isa = PBXBuildFile; fileRef = E65B0B5F1C4F84B8002262F1 /* AFURLRequestSerialization.m */; };
		E65B0B681C4F84B8002262F1 /* AFURLResponseSerialization.m in Sources */ = {isa = PBXBuildFile; fileRef = E65B0B611C4F84B8002262F1 /* AFURLResponseSerialization.m */; };
		E65B0B691C4F84B8002262F1 /* AFURLSessionManager.m in Sources */ = {isa = PBXBuildFile; fileRef = E65B0B631C4F84B8002262F1 /* AFURLSessionManager.m */; };
		E65B0B971C4F84C4002262F1 /* MJRefreshAutoFooter.m in Sources */ = {isa = PBXBuildFile; fileRef = E65B0B6D1C4F84C4002262F1 /* MJRefreshAutoFooter.m */; };
		E65B0B981C4F84C4002262F1 /* MJRefreshBackFooter.m in Sources */ = {isa = PBXBuildFile; fileRef = E65B0B6F1C4F84C4002262F1 /* MJRefreshBackFooter.m */; };
		E65B0B991C4F84C4002262F1 /* MJRefreshComponent.m in Sources */ = {isa = PBXBuildFile; fileRef = E65B0B711C4F84C4002262F1 /* MJRefreshComponent.m */; };
		E65B0B9A1C4F84C4002262F1 /* MJRefreshFooter.m in Sources */ = {isa = PBXBuildFile; fileRef = E65B0B731C4F84C4002262F1 /* MJRefreshFooter.m */; };
		E65B0B9B1C4F84C4002262F1 /* MJRefreshHeader.m in Sources */ = {isa = PBXBuildFile; fileRef = E65B0B751C4F84C4002262F1 /* MJRefreshHeader.m */; };
		E65B0B9C1C4F84C4002262F1 /* MJRefreshAutoGifFooter.m in Sources */ = {isa = PBXBuildFile; fileRef = E65B0B7A1C4F84C4002262F1 /* MJRefreshAutoGifFooter.m */; };
		E65B0B9D1C4F84C4002262F1 /* MJRefreshAutoNormalFooter.m in Sources */ = {isa = PBXBuildFile; fileRef = E65B0B7C1C4F84C4002262F1 /* MJRefreshAutoNormalFooter.m */; };
		E65B0B9E1C4F84C4002262F1 /* MJRefreshAutoStateFooter.m in Sources */ = {isa = PBXBuildFile; fileRef = E65B0B7E1C4F84C4002262F1 /* MJRefreshAutoStateFooter.m */; };
		E65B0B9F1C4F84C4002262F1 /* MJRefreshBackGifFooter.m in Sources */ = {isa = PBXBuildFile; fileRef = E65B0B811C4F84C4002262F1 /* MJRefreshBackGifFooter.m */; };
		E65B0BA01C4F84C4002262F1 /* MJRefreshBackNormalFooter.m in Sources */ = {isa = PBXBuildFile; fileRef = E65B0B831C4F84C4002262F1 /* MJRefreshBackNormalFooter.m */; };
		E65B0BA11C4F84C4002262F1 /* MJRefreshBackStateFooter.m in Sources */ = {isa = PBXBuildFile; fileRef = E65B0B851C4F84C4002262F1 /* MJRefreshBackStateFooter.m */; };
		E65B0BA21C4F84C4002262F1 /* MJRefreshGifHeader.m in Sources */ = {isa = PBXBuildFile; fileRef = E65B0B881C4F84C4002262F1 /* MJRefreshGifHeader.m */; };
		E65B0BA31C4F84C4002262F1 /* MJRefreshNormalHeader.m in Sources */ = {isa = PBXBuildFile; fileRef = E65B0B8A1C4F84C4002262F1 /* MJRefreshNormalHeader.m */; };
		E65B0BA41C4F84C4002262F1 /* MJRefreshStateHeader.m in Sources */ = {isa = PBXBuildFile; fileRef = E65B0B8C1C4F84C4002262F1 /* MJRefreshStateHeader.m */; };
		E65B0BA51C4F84C4002262F1 /* MJRefresh.bundle in Resources */ = {isa = PBXBuildFile; fileRef = E65B0B8D1C4F84C4002262F1 /* MJRefresh.bundle */; };
		E65B0BA61C4F84C4002262F1 /* MJRefreshConst.m in Sources */ = {isa = PBXBuildFile; fileRef = E65B0B901C4F84C4002262F1 /* MJRefreshConst.m */; };
		E65B0BA71C4F84C4002262F1 /* UIScrollView+MJExtension.m in Sources */ = {isa = PBXBuildFile; fileRef = E65B0B921C4F84C4002262F1 /* UIScrollView+MJExtension.m */; };
		E65B0BA81C4F84C4002262F1 /* UIScrollView+MJRefresh.m in Sources */ = {isa = PBXBuildFile; fileRef = E65B0B941C4F84C4002262F1 /* UIScrollView+MJRefresh.m */; };
		E65B0BA91C4F84C4002262F1 /* UIView+MJExtension.m in Sources */ = {isa = PBXBuildFile; fileRef = E65B0B961C4F84C4002262F1 /* UIView+MJExtension.m */; };
		E65B0BCC1C4F84CE002262F1 /* MKAnnotationView+WebCache.m in Sources */ = {isa = PBXBuildFile; fileRef = E65B0BAC1C4F84CE002262F1 /* MKAnnotationView+WebCache.m */; };
		E65B0BCD1C4F84CE002262F1 /* NSData+ImageContentType.m in Sources */ = {isa = PBXBuildFile; fileRef = E65B0BAE1C4F84CE002262F1 /* NSData+ImageContentType.m */; };
		E65B0BCE1C4F84CE002262F1 /* SDImageCache.m in Sources */ = {isa = PBXBuildFile; fileRef = E65B0BB01C4F84CE002262F1 /* SDImageCache.m */; };
		E65B0BCF1C4F84CE002262F1 /* SDWebImageCompat.m in Sources */ = {isa = PBXBuildFile; fileRef = E65B0BB21C4F84CE002262F1 /* SDWebImageCompat.m */; };
		E65B0BD01C4F84CE002262F1 /* SDWebImageDecoder.m in Sources */ = {isa = PBXBuildFile; fileRef = E65B0BB41C4F84CE002262F1 /* SDWebImageDecoder.m */; };
		E65B0BD11C4F84CE002262F1 /* SDWebImageDownloader.m in Sources */ = {isa = PBXBuildFile; fileRef = E65B0BB61C4F84CE002262F1 /* SDWebImageDownloader.m */; };
		E65B0BD21C4F84CE002262F1 /* SDWebImageDownloaderOperation.m in Sources */ = {isa = PBXBuildFile; fileRef = E65B0BB81C4F84CE002262F1 /* SDWebImageDownloaderOperation.m */; };
		E65B0BD31C4F84CE002262F1 /* SDWebImageManager.m in Sources */ = {isa = PBXBuildFile; fileRef = E65B0BBA1C4F84CE002262F1 /* SDWebImageManager.m */; };
		E65B0BD41C4F84CE002262F1 /* SDWebImagePrefetcher.m in Sources */ = {isa = PBXBuildFile; fileRef = E65B0BBD1C4F84CE002262F1 /* SDWebImagePrefetcher.m */; };
		E65B0BD51C4F84CE002262F1 /* UIButton+WebCache.m in Sources */ = {isa = PBXBuildFile; fileRef = E65B0BBF1C4F84CE002262F1 /* UIButton+WebCache.m */; };
		E65B0BD61C4F84CE002262F1 /* UIImage+GIF.m in Sources */ = {isa = PBXBuildFile; fileRef = E65B0BC11C4F84CE002262F1 /* UIImage+GIF.m */; };
		E65B0BD71C4F84CE002262F1 /* UIImage+MultiFormat.m in Sources */ = {isa = PBXBuildFile; fileRef = E65B0BC31C4F84CE002262F1 /* UIImage+MultiFormat.m */; };
		E65B0BD81C4F84CE002262F1 /* UIImage+WebP.m in Sources */ = {isa = PBXBuildFile; fileRef = E65B0BC51C4F84CE002262F1 /* UIImage+WebP.m */; };
		E65B0BD91C4F84CE002262F1 /* UIImageView+HighlightedWebCache.m in Sources */ = {isa = PBXBuildFile; fileRef = E65B0BC71C4F84CE002262F1 /* UIImageView+HighlightedWebCache.m */; };
		E65B0BDA1C4F84CE002262F1 /* UIImageView+WebCache.m in Sources */ = {isa = PBXBuildFile; fileRef = E65B0BC91C4F84CE002262F1 /* UIImageView+WebCache.m */; };
		E65B0BDB1C4F84CE002262F1 /* UIView+WebCacheOperation.m in Sources */ = {isa = PBXBuildFile; fileRef = E65B0BCB1C4F84CE002262F1 /* UIView+WebCacheOperation.m */; };
		E65B0BDF1C4F8584002262F1 /* MBProgressHUD.m in Sources */ = {isa = PBXBuildFile; fileRef = E65B0BDE1C4F8584002262F1 /* MBProgressHUD.m */; };
		E65F9BE21C73F7FA0047A8E5 /* UCSelectAddressViewController.m in Sources */ = {isa = PBXBuildFile; fileRef = E65F9BE11C73F7FA0047A8E5 /* UCSelectAddressViewController.m */; };
		E65F9BE51C7417750047A8E5 /* UCOrderDetailsViewController.m in Sources */ = {isa = PBXBuildFile; fileRef = E65F9BE41C7417750047A8E5 /* UCOrderDetailsViewController.m */; };
		E65F9BE81C74192C0047A8E5 /* UCGoodsListViewController.m in Sources */ = {isa = PBXBuildFile; fileRef = E65F9BE71C74192C0047A8E5 /* UCGoodsListViewController.m */; };
		E65F9BEB1C7419490047A8E5 /* UCGoodsListTableViewCell.m in Sources */ = {isa = PBXBuildFile; fileRef = E65F9BEA1C7419490047A8E5 /* UCGoodsListTableViewCell.m */; };
		E66397351C53926100E5F593 /* NSString+Utils.m in Sources */ = {isa = PBXBuildFile; fileRef = E66397341C53926100E5F593 /* NSString+Utils.m */; };
		E663973A1C53967800E5F593 /* CAlertView.m in Sources */ = {isa = PBXBuildFile; fileRef = E66397381C53967800E5F593 /* CAlertView.m */; };
		E6BA81D91C5083DF00A5C16F /* MainViewController.m in Sources */ = {isa = PBXBuildFile; fileRef = E6BA81D81C5083DF00A5C16F /* MainViewController.m */; };
		E6BA81E81C508AC800A5C16F /* BaseViewController.m in Sources */ = {isa = PBXBuildFile; fileRef = E6BA81E71C508AC800A5C16F /* BaseViewController.m */; };
		E6BA81EE1C508C9D00A5C16F /* HHomeViewController.m in Sources */ = {isa = PBXBuildFile; fileRef = E6BA81ED1C508C9D00A5C16F /* HHomeViewController.m */; };
		E6BA81F11C508CDD00A5C16F /* TLTimeLimitViewController.m in Sources */ = {isa = PBXBuildFile; fileRef = E6BA81F01C508CDD00A5C16F /* TLTimeLimitViewController.m */; };
		E6BA81F41C508CF200A5C16F /* SCShoppingCartViewController.m in Sources */ = {isa = PBXBuildFile; fileRef = E6BA81F31C508CF200A5C16F /* SCShoppingCartViewController.m */; };
		E6BA81F71C508D0100A5C16F /* UCUserCenterViewController.m in Sources */ = {isa = PBXBuildFile; fileRef = E6BA81F61C508D0100A5C16F /* UCUserCenterViewController.m */; };
		E6BA82011C508D6500A5C16F /* BackViewAnimation.m in Sources */ = {isa = PBXBuildFile; fileRef = E6BA81FA1C508D6500A5C16F /* BackViewAnimation.m */; };
		E6BA82021C508D6500A5C16F /* BackViewTransition.m in Sources */ = {isa = PBXBuildFile; fileRef = E6BA81FC1C508D6500A5C16F /* BackViewTransition.m */; };
		E6BA82031C508D6500A5C16F /* PushViewAnimation.m in Sources */ = {isa = PBXBuildFile; fileRef = E6BA81FE1C508D6500A5C16F /* PushViewAnimation.m */; };
		E6BA82041C508D6500A5C16F /* SwipeBackNavigationViewController.m in Sources */ = {isa = PBXBuildFile; fileRef = E6BA82001C508D6500A5C16F /* SwipeBackNavigationViewController.m */; };
		E6BA820B1C50B9E700A5C16F /* TabBarViewController.m in Sources */ = {isa = PBXBuildFile; fileRef = E6BA820A1C50B9E700A5C16F /* TabBarViewController.m */; };
		E6BA82141C50C3BB00A5C16F /* HGoodsDetailsViewController.m in Sources */ = {isa = PBXBuildFile; fileRef = E6BA82131C50C3BB00A5C16F /* HGoodsDetailsViewController.m */; };
		E6C25CD11C7178B000FE6E9F /* SCConfirmOrderViewController.m in Sources */ = {isa = PBXBuildFile; fileRef = E6C25CD01C7178B000FE6E9F /* SCConfirmOrderViewController.m */; };
		E6C25CDD1C71A9E200FE6E9F /* SCGoodsListViewController.m in Sources */ = {isa = PBXBuildFile; fileRef = E6C25CDC1C71A9E200FE6E9F /* SCGoodsListViewController.m */; };
		E6C46A1E1C75532E005D643A /* ULLoginViewController.m in Sources */ = {isa = PBXBuildFile; fileRef = E6C46A1D1C75532E005D643A /* ULLoginViewController.m */; };
		E6C46A211C755B16005D643A /* CTextField.m in Sources */ = {isa = PBXBuildFile; fileRef = E6C46A201C755B16005D643A /* CTextField.m */; };
		E6C46A241C7570C5005D643A /* ULRegisterViewController.m in Sources */ = {isa = PBXBuildFile; fileRef = E6C46A231C7570C5005D643A /* ULRegisterViewController.m */; };
		E6C46A271C7594D9005D643A /* ULQuickLoginViewController.m in Sources */ = {isa = PBXBuildFile; fileRef = E6C46A261C7594D9005D643A /* ULQuickLoginViewController.m */; };
		E6C627301C76A1AA00BD3F7E /* ULFindPasswordViewController.m in Sources */ = {isa = PBXBuildFile; fileRef = E6C6272F1C76A1AA00BD3F7E /* ULFindPasswordViewController.m */; };
		E6E4C4911C605F4000B15B20 /* NSObject+Utils.m in Sources */ = {isa = PBXBuildFile; fileRef = E6E4C4901C605F4000B15B20 /* NSObject+Utils.m */; };
		E6ED93F61C5EEF7300127DC7 /* SCShoppingCartTableViewCell.m in Sources */ = {isa = PBXBuildFile; fileRef = E6ED93F51C5EEF7300127DC7 /* SCShoppingCartTableViewCell.m */; };
		E6F3CE0B1C522FEA001A3670 /* NSObject+DataConvert.m in Sources */ = {isa = PBXBuildFile; fileRef = E6F3CE0A1C522FEA001A3670 /* NSObject+DataConvert.m */; };
		E6F3CE0E1C523201001A3670 /* HHomeTableViewCell.m in Sources */ = {isa = PBXBuildFile; fileRef = E6F3CE0D1C523201001A3670 /* HHomeTableViewCell.m */; };
		E6F3CE111C5232C2001A3670 /* HHomeDetailsViewController.m in Sources */ = {isa = PBXBuildFile; fileRef = E6F3CE101C5232C2001A3670 /* HHomeDetailsViewController.m */; };
		E6F3CE141C523387001A3670 /* HHomeDetailsTableViewCell.m in Sources */ = {isa = PBXBuildFile; fileRef = E6F3CE131C523387001A3670 /* HHomeDetailsTableViewCell.m */; };
		E6F3CE1A1C5274C1001A3670 /* NSObject+HttpTask.m in Sources */ = {isa = PBXBuildFile; fileRef = E6F3CE191C5274C1001A3670 /* NSObject+HttpTask.m */; };
		E6F455901C574A6400B69D29 /* ImagePlayerView.m in Sources */ = {isa = PBXBuildFile; fileRef = E6F4558F1C574A6400B69D29 /* ImagePlayerView.m */; };
/* End PBXBuildFile section */

/* Begin PBXFileReference section */
		E6138CC91C79B97B003A370E /* UCEditProfileViewController.h */ = {isa = PBXFileReference; fileEncoding = 4; lastKnownFileType = sourcecode.c.h; path = UCEditProfileViewController.h; sourceTree = "<group>"; };
		E6138CCA1C79B97B003A370E /* UCEditProfileViewController.m */ = {isa = PBXFileReference; fileEncoding = 4; lastKnownFileType = sourcecode.c.objc; path = UCEditProfileViewController.m; sourceTree = "<group>"; };
		E61ADDFC1C72BFF0009D0324 /* UCUserAddressViewController.h */ = {isa = PBXFileReference; fileEncoding = 4; lastKnownFileType = sourcecode.c.h; path = UCUserAddressViewController.h; sourceTree = "<group>"; };
		E61ADDFD1C72BFF0009D0324 /* UCUserAddressViewController.m */ = {isa = PBXFileReference; fileEncoding = 4; lastKnownFileType = sourcecode.c.objc; path = UCUserAddressViewController.m; sourceTree = "<group>"; };
		E61ADDFF1C72D813009D0324 /* UCAddressDetailsViewController.h */ = {isa = PBXFileReference; fileEncoding = 4; lastKnownFileType = sourcecode.c.h; path = UCAddressDetailsViewController.h; sourceTree = "<group>"; };
		E61ADE001C72D813009D0324 /* UCAddressDetailsViewController.m */ = {isa = PBXFileReference; fileEncoding = 4; lastKnownFileType = sourcecode.c.objc; path = UCAddressDetailsViewController.m; sourceTree = "<group>"; };
		E61CCE741C7201B100CAF626 /* CKeyboardToolBar.h */ = {isa = PBXFileReference; fileEncoding = 4; lastKnownFileType = sourcecode.c.h; path = CKeyboardToolBar.h; sourceTree = "<group>"; };
		E61CCE751C7201B100CAF626 /* CKeyboardToolBar.m */ = {isa = PBXFileReference; fileEncoding = 4; lastKnownFileType = sourcecode.c.objc; path = CKeyboardToolBar.m; sourceTree = "<group>"; };
		E647324C1C5CA0DF008061A5 /* CSlidingViewController.h */ = {isa = PBXFileReference; fileEncoding = 4; lastKnownFileType = sourcecode.c.h; path = CSlidingViewController.h; sourceTree = "<group>"; };
		E647324D1C5CA0DF008061A5 /* CSlidingViewController.m */ = {isa = PBXFileReference; fileEncoding = 4; lastKnownFileType = sourcecode.c.objc; path = CSlidingViewController.m; sourceTree = "<group>"; };
		E64732521C5CA422008061A5 /* HGoodsDescriptionsViewController.h */ = {isa = PBXFileReference; fileEncoding = 4; lastKnownFileType = sourcecode.c.h; path = HGoodsDescriptionsViewController.h; sourceTree = "<group>"; };
		E64732531C5CA422008061A5 /* HGoodsDescriptionsViewController.m */ = {isa = PBXFileReference; fileEncoding = 4; lastKnownFileType = sourcecode.c.objc; path = HGoodsDescriptionsViewController.m; sourceTree = "<group>"; };
		E64732551C5CA449008061A5 /* HGoodsImageInfoViewController.h */ = {isa = PBXFileReference; fileEncoding = 4; lastKnownFileType = sourcecode.c.h; path = HGoodsImageInfoViewController.h; sourceTree = "<group>"; };
		E64732561C5CA449008061A5 /* HGoodsImageInfoViewController.m */ = {isa = PBXFileReference; fileEncoding = 4; lastKnownFileType = sourcecode.c.objc; path = HGoodsImageInfoViewController.m; sourceTree = "<group>"; };
		E65B0B301C4F7A24002262F1 /* Mai.app */ = {isa = PBXFileReference; explicitFileType = wrapper.application; includeInIndex = 0; path = Mai.app; sourceTree = BUILT_PRODUCTS_DIR; };
		E65B0B341C4F7A24002262F1 /* main.m */ = {isa = PBXFileReference; lastKnownFileType = sourcecode.c.objc; path = main.m; sourceTree = "<group>"; };
		E65B0B361C4F7A24002262F1 /* AppDelegate.h */ = {isa = PBXFileReference; lastKnownFileType = sourcecode.c.h; path = AppDelegate.h; sourceTree = "<group>"; };
		E65B0B371C4F7A24002262F1 /* AppDelegate.m */ = {isa = PBXFileReference; lastKnownFileType = sourcecode.c.objc; path = AppDelegate.m; sourceTree = "<group>"; };
		E65B0B3F1C4F7A24002262F1 /* Assets.xcassets */ = {isa = PBXFileReference; lastKnownFileType = folder.assetcatalog; path = Assets.xcassets; sourceTree = "<group>"; };
		E65B0B421C4F7A24002262F1 /* Base */ = {isa = PBXFileReference; lastKnownFileType = file.storyboard; name = Base; path = Base.lproj/LaunchScreen.storyboard; sourceTree = "<group>"; };
		E65B0B441C4F7A24002262F1 /* Info.plist */ = {isa = PBXFileReference; lastKnownFileType = text.plist.xml; path = Info.plist; sourceTree = "<group>"; };
		E65B0B501C4F8005002262F1 /* UIView+Frame.h */ = {isa = PBXFileReference; fileEncoding = 4; lastKnownFileType = sourcecode.c.h; path = "UIView+Frame.h"; sourceTree = "<group>"; };
		E65B0B511C4F8005002262F1 /* UIView+Frame.m */ = {isa = PBXFileReference; fileEncoding = 4; lastKnownFileType = sourcecode.c.objc; path = "UIView+Frame.m"; sourceTree = "<group>"; };
		E65B0B531C4F8205002262F1 /* UILabel+AutoFrame.h */ = {isa = PBXFileReference; fileEncoding = 4; lastKnownFileType = sourcecode.c.h; path = "UILabel+AutoFrame.h"; sourceTree = "<group>"; };
		E65B0B541C4F8205002262F1 /* UILabel+AutoFrame.m */ = {isa = PBXFileReference; fileEncoding = 4; lastKnownFileType = sourcecode.c.objc; path = "UILabel+AutoFrame.m"; sourceTree = "<group>"; };
		E65B0B571C4F84B8002262F1 /* AFHTTPSessionManager.h */ = {isa = PBXFileReference; fileEncoding = 4; lastKnownFileType = sourcecode.c.h; path = AFHTTPSessionManager.h; sourceTree = "<group>"; };
		E65B0B581C4F84B8002262F1 /* AFHTTPSessionManager.m */ = {isa = PBXFileReference; fileEncoding = 4; lastKnownFileType = sourcecode.c.objc; path = AFHTTPSessionManager.m; sourceTree = "<group>"; };
		E65B0B591C4F84B8002262F1 /* AFNetworking.h */ = {isa = PBXFileReference; fileEncoding = 4; lastKnownFileType = sourcecode.c.h; path = AFNetworking.h; sourceTree = "<group>"; };
		E65B0B5A1C4F84B8002262F1 /* AFNetworkReachabilityManager.h */ = {isa = PBXFileReference; fileEncoding = 4; lastKnownFileType = sourcecode.c.h; path = AFNetworkReachabilityManager.h; sourceTree = "<group>"; };
		E65B0B5B1C4F84B8002262F1 /* AFNetworkReachabilityManager.m */ = {isa = PBXFileReference; fileEncoding = 4; lastKnownFileType = sourcecode.c.objc; path = AFNetworkReachabilityManager.m; sourceTree = "<group>"; };
		E65B0B5C1C4F84B8002262F1 /* AFSecurityPolicy.h */ = {isa = PBXFileReference; fileEncoding = 4; lastKnownFileType = sourcecode.c.h; path = AFSecurityPolicy.h; sourceTree = "<group>"; };
		E65B0B5D1C4F84B8002262F1 /* AFSecurityPolicy.m */ = {isa = PBXFileReference; fileEncoding = 4; lastKnownFileType = sourcecode.c.objc; path = AFSecurityPolicy.m; sourceTree = "<group>"; };
		E65B0B5E1C4F84B8002262F1 /* AFURLRequestSerialization.h */ = {isa = PBXFileReference; fileEncoding = 4; lastKnownFileType = sourcecode.c.h; path = AFURLRequestSerialization.h; sourceTree = "<group>"; };
		E65B0B5F1C4F84B8002262F1 /* AFURLRequestSerialization.m */ = {isa = PBXFileReference; fileEncoding = 4; lastKnownFileType = sourcecode.c.objc; path = AFURLRequestSerialization.m; sourceTree = "<group>"; };
		E65B0B601C4F84B8002262F1 /* AFURLResponseSerialization.h */ = {isa = PBXFileReference; fileEncoding = 4; lastKnownFileType = sourcecode.c.h; path = AFURLResponseSerialization.h; sourceTree = "<group>"; };
		E65B0B611C4F84B8002262F1 /* AFURLResponseSerialization.m */ = {isa = PBXFileReference; fileEncoding = 4; lastKnownFileType = sourcecode.c.objc; path = AFURLResponseSerialization.m; sourceTree = "<group>"; };
		E65B0B621C4F84B8002262F1 /* AFURLSessionManager.h */ = {isa = PBXFileReference; fileEncoding = 4; lastKnownFileType = sourcecode.c.h; path = AFURLSessionManager.h; sourceTree = "<group>"; };
		E65B0B631C4F84B8002262F1 /* AFURLSessionManager.m */ = {isa = PBXFileReference; fileEncoding = 4; lastKnownFileType = sourcecode.c.objc; path = AFURLSessionManager.m; sourceTree = "<group>"; };
		E65B0B6C1C4F84C4002262F1 /* MJRefreshAutoFooter.h */ = {isa = PBXFileReference; fileEncoding = 4; lastKnownFileType = sourcecode.c.h; path = MJRefreshAutoFooter.h; sourceTree = "<group>"; };
		E65B0B6D1C4F84C4002262F1 /* MJRefreshAutoFooter.m */ = {isa = PBXFileReference; fileEncoding = 4; lastKnownFileType = sourcecode.c.objc; path = MJRefreshAutoFooter.m; sourceTree = "<group>"; };
		E65B0B6E1C4F84C4002262F1 /* MJRefreshBackFooter.h */ = {isa = PBXFileReference; fileEncoding = 4; lastKnownFileType = sourcecode.c.h; path = MJRefreshBackFooter.h; sourceTree = "<group>"; };
		E65B0B6F1C4F84C4002262F1 /* MJRefreshBackFooter.m */ = {isa = PBXFileReference; fileEncoding = 4; lastKnownFileType = sourcecode.c.objc; path = MJRefreshBackFooter.m; sourceTree = "<group>"; };
		E65B0B701C4F84C4002262F1 /* MJRefreshComponent.h */ = {isa = PBXFileReference; fileEncoding = 4; lastKnownFileType = sourcecode.c.h; path = MJRefreshComponent.h; sourceTree = "<group>"; };
		E65B0B711C4F84C4002262F1 /* MJRefreshComponent.m */ = {isa = PBXFileReference; fileEncoding = 4; lastKnownFileType = sourcecode.c.objc; path = MJRefreshComponent.m; sourceTree = "<group>"; };
		E65B0B721C4F84C4002262F1 /* MJRefreshFooter.h */ = {isa = PBXFileReference; fileEncoding = 4; lastKnownFileType = sourcecode.c.h; path = MJRefreshFooter.h; sourceTree = "<group>"; };
		E65B0B731C4F84C4002262F1 /* MJRefreshFooter.m */ = {isa = PBXFileReference; fileEncoding = 4; lastKnownFileType = sourcecode.c.objc; path = MJRefreshFooter.m; sourceTree = "<group>"; };
		E65B0B741C4F84C4002262F1 /* MJRefreshHeader.h */ = {isa = PBXFileReference; fileEncoding = 4; lastKnownFileType = sourcecode.c.h; path = MJRefreshHeader.h; sourceTree = "<group>"; };
		E65B0B751C4F84C4002262F1 /* MJRefreshHeader.m */ = {isa = PBXFileReference; fileEncoding = 4; lastKnownFileType = sourcecode.c.objc; path = MJRefreshHeader.m; sourceTree = "<group>"; };
		E65B0B791C4F84C4002262F1 /* MJRefreshAutoGifFooter.h */ = {isa = PBXFileReference; fileEncoding = 4; lastKnownFileType = sourcecode.c.h; path = MJRefreshAutoGifFooter.h; sourceTree = "<group>"; };
		E65B0B7A1C4F84C4002262F1 /* MJRefreshAutoGifFooter.m */ = {isa = PBXFileReference; fileEncoding = 4; lastKnownFileType = sourcecode.c.objc; path = MJRefreshAutoGifFooter.m; sourceTree = "<group>"; };
		E65B0B7B1C4F84C4002262F1 /* MJRefreshAutoNormalFooter.h */ = {isa = PBXFileReference; fileEncoding = 4; lastKnownFileType = sourcecode.c.h; path = MJRefreshAutoNormalFooter.h; sourceTree = "<group>"; };
		E65B0B7C1C4F84C4002262F1 /* MJRefreshAutoNormalFooter.m */ = {isa = PBXFileReference; fileEncoding = 4; lastKnownFileType = sourcecode.c.objc; path = MJRefreshAutoNormalFooter.m; sourceTree = "<group>"; };
		E65B0B7D1C4F84C4002262F1 /* MJRefreshAutoStateFooter.h */ = {isa = PBXFileReference; fileEncoding = 4; lastKnownFileType = sourcecode.c.h; path = MJRefreshAutoStateFooter.h; sourceTree = "<group>"; };
		E65B0B7E1C4F84C4002262F1 /* MJRefreshAutoStateFooter.m */ = {isa = PBXFileReference; fileEncoding = 4; lastKnownFileType = sourcecode.c.objc; path = MJRefreshAutoStateFooter.m; sourceTree = "<group>"; };
		E65B0B801C4F84C4002262F1 /* MJRefreshBackGifFooter.h */ = {isa = PBXFileReference; fileEncoding = 4; lastKnownFileType = sourcecode.c.h; path = MJRefreshBackGifFooter.h; sourceTree = "<group>"; };
		E65B0B811C4F84C4002262F1 /* MJRefreshBackGifFooter.m */ = {isa = PBXFileReference; fileEncoding = 4; lastKnownFileType = sourcecode.c.objc; path = MJRefreshBackGifFooter.m; sourceTree = "<group>"; };
		E65B0B821C4F84C4002262F1 /* MJRefreshBackNormalFooter.h */ = {isa = PBXFileReference; fileEncoding = 4; lastKnownFileType = sourcecode.c.h; path = MJRefreshBackNormalFooter.h; sourceTree = "<group>"; };
		E65B0B831C4F84C4002262F1 /* MJRefreshBackNormalFooter.m */ = {isa = PBXFileReference; fileEncoding = 4; lastKnownFileType = sourcecode.c.objc; path = MJRefreshBackNormalFooter.m; sourceTree = "<group>"; };
		E65B0B841C4F84C4002262F1 /* MJRefreshBackStateFooter.h */ = {isa = PBXFileReference; fileEncoding = 4; lastKnownFileType = sourcecode.c.h; path = MJRefreshBackStateFooter.h; sourceTree = "<group>"; };
		E65B0B851C4F84C4002262F1 /* MJRefreshBackStateFooter.m */ = {isa = PBXFileReference; fileEncoding = 4; lastKnownFileType = sourcecode.c.objc; path = MJRefreshBackStateFooter.m; sourceTree = "<group>"; };
		E65B0B871C4F84C4002262F1 /* MJRefreshGifHeader.h */ = {isa = PBXFileReference; fileEncoding = 4; lastKnownFileType = sourcecode.c.h; path = MJRefreshGifHeader.h; sourceTree = "<group>"; };
		E65B0B881C4F84C4002262F1 /* MJRefreshGifHeader.m */ = {isa = PBXFileReference; fileEncoding = 4; lastKnownFileType = sourcecode.c.objc; path = MJRefreshGifHeader.m; sourceTree = "<group>"; };
		E65B0B891C4F84C4002262F1 /* MJRefreshNormalHeader.h */ = {isa = PBXFileReference; fileEncoding = 4; lastKnownFileType = sourcecode.c.h; path = MJRefreshNormalHeader.h; sourceTree = "<group>"; };
		E65B0B8A1C4F84C4002262F1 /* MJRefreshNormalHeader.m */ = {isa = PBXFileReference; fileEncoding = 4; lastKnownFileType = sourcecode.c.objc; path = MJRefreshNormalHeader.m; sourceTree = "<group>"; };
		E65B0B8B1C4F84C4002262F1 /* MJRefreshStateHeader.h */ = {isa = PBXFileReference; fileEncoding = 4; lastKnownFileType = sourcecode.c.h; path = MJRefreshStateHeader.h; sourceTree = "<group>"; };
		E65B0B8C1C4F84C4002262F1 /* MJRefreshStateHeader.m */ = {isa = PBXFileReference; fileEncoding = 4; lastKnownFileType = sourcecode.c.objc; path = MJRefreshStateHeader.m; sourceTree = "<group>"; };
		E65B0B8D1C4F84C4002262F1 /* MJRefresh.bundle */ = {isa = PBXFileReference; lastKnownFileType = "wrapper.plug-in"; path = MJRefresh.bundle; sourceTree = "<group>"; };
		E65B0B8E1C4F84C4002262F1 /* MJRefresh.h */ = {isa = PBXFileReference; fileEncoding = 4; lastKnownFileType = sourcecode.c.h; path = MJRefresh.h; sourceTree = "<group>"; };
		E65B0B8F1C4F84C4002262F1 /* MJRefreshConst.h */ = {isa = PBXFileReference; fileEncoding = 4; lastKnownFileType = sourcecode.c.h; path = MJRefreshConst.h; sourceTree = "<group>"; };
		E65B0B901C4F84C4002262F1 /* MJRefreshConst.m */ = {isa = PBXFileReference; fileEncoding = 4; lastKnownFileType = sourcecode.c.objc; path = MJRefreshConst.m; sourceTree = "<group>"; };
		E65B0B911C4F84C4002262F1 /* UIScrollView+MJExtension.h */ = {isa = PBXFileReference; fileEncoding = 4; lastKnownFileType = sourcecode.c.h; path = "UIScrollView+MJExtension.h"; sourceTree = "<group>"; };
		E65B0B921C4F84C4002262F1 /* UIScrollView+MJExtension.m */ = {isa = PBXFileReference; fileEncoding = 4; lastKnownFileType = sourcecode.c.objc; path = "UIScrollView+MJExtension.m"; sourceTree = "<group>"; };
		E65B0B931C4F84C4002262F1 /* UIScrollView+MJRefresh.h */ = {isa = PBXFileReference; fileEncoding = 4; lastKnownFileType = sourcecode.c.h; path = "UIScrollView+MJRefresh.h"; sourceTree = "<group>"; };
		E65B0B941C4F84C4002262F1 /* UIScrollView+MJRefresh.m */ = {isa = PBXFileReference; fileEncoding = 4; lastKnownFileType = sourcecode.c.objc; path = "UIScrollView+MJRefresh.m"; sourceTree = "<group>"; };
		E65B0B951C4F84C4002262F1 /* UIView+MJExtension.h */ = {isa = PBXFileReference; fileEncoding = 4; lastKnownFileType = sourcecode.c.h; path = "UIView+MJExtension.h"; sourceTree = "<group>"; };
		E65B0B961C4F84C4002262F1 /* UIView+MJExtension.m */ = {isa = PBXFileReference; fileEncoding = 4; lastKnownFileType = sourcecode.c.objc; path = "UIView+MJExtension.m"; sourceTree = "<group>"; };
		E65B0BAB1C4F84CE002262F1 /* MKAnnotationView+WebCache.h */ = {isa = PBXFileReference; fileEncoding = 4; lastKnownFileType = sourcecode.c.h; path = "MKAnnotationView+WebCache.h"; sourceTree = "<group>"; };
		E65B0BAC1C4F84CE002262F1 /* MKAnnotationView+WebCache.m */ = {isa = PBXFileReference; fileEncoding = 4; lastKnownFileType = sourcecode.c.objc; path = "MKAnnotationView+WebCache.m"; sourceTree = "<group>"; };
		E65B0BAD1C4F84CE002262F1 /* NSData+ImageContentType.h */ = {isa = PBXFileReference; fileEncoding = 4; lastKnownFileType = sourcecode.c.h; path = "NSData+ImageContentType.h"; sourceTree = "<group>"; };
		E65B0BAE1C4F84CE002262F1 /* NSData+ImageContentType.m */ = {isa = PBXFileReference; fileEncoding = 4; lastKnownFileType = sourcecode.c.objc; path = "NSData+ImageContentType.m"; sourceTree = "<group>"; };
		E65B0BAF1C4F84CE002262F1 /* SDImageCache.h */ = {isa = PBXFileReference; fileEncoding = 4; lastKnownFileType = sourcecode.c.h; path = SDImageCache.h; sourceTree = "<group>"; };
		E65B0BB01C4F84CE002262F1 /* SDImageCache.m */ = {isa = PBXFileReference; fileEncoding = 4; lastKnownFileType = sourcecode.c.objc; path = SDImageCache.m; sourceTree = "<group>"; };
		E65B0BB11C4F84CE002262F1 /* SDWebImageCompat.h */ = {isa = PBXFileReference; fileEncoding = 4; lastKnownFileType = sourcecode.c.h; path = SDWebImageCompat.h; sourceTree = "<group>"; };
		E65B0BB21C4F84CE002262F1 /* SDWebImageCompat.m */ = {isa = PBXFileReference; fileEncoding = 4; lastKnownFileType = sourcecode.c.objc; path = SDWebImageCompat.m; sourceTree = "<group>"; };
		E65B0BB31C4F84CE002262F1 /* SDWebImageDecoder.h */ = {isa = PBXFileReference; fileEncoding = 4; lastKnownFileType = sourcecode.c.h; path = SDWebImageDecoder.h; sourceTree = "<group>"; };
		E65B0BB41C4F84CE002262F1 /* SDWebImageDecoder.m */ = {isa = PBXFileReference; fileEncoding = 4; lastKnownFileType = sourcecode.c.objc; path = SDWebImageDecoder.m; sourceTree = "<group>"; };
		E65B0BB51C4F84CE002262F1 /* SDWebImageDownloader.h */ = {isa = PBXFileReference; fileEncoding = 4; lastKnownFileType = sourcecode.c.h; path = SDWebImageDownloader.h; sourceTree = "<group>"; };
		E65B0BB61C4F84CE002262F1 /* SDWebImageDownloader.m */ = {isa = PBXFileReference; fileEncoding = 4; lastKnownFileType = sourcecode.c.objc; path = SDWebImageDownloader.m; sourceTree = "<group>"; };
		E65B0BB71C4F84CE002262F1 /* SDWebImageDownloaderOperation.h */ = {isa = PBXFileReference; fileEncoding = 4; lastKnownFileType = sourcecode.c.h; path = SDWebImageDownloaderOperation.h; sourceTree = "<group>"; };
		E65B0BB81C4F84CE002262F1 /* SDWebImageDownloaderOperation.m */ = {isa = PBXFileReference; fileEncoding = 4; lastKnownFileType = sourcecode.c.objc; path = SDWebImageDownloaderOperation.m; sourceTree = "<group>"; };
		E65B0BB91C4F84CE002262F1 /* SDWebImageManager.h */ = {isa = PBXFileReference; fileEncoding = 4; lastKnownFileType = sourcecode.c.h; path = SDWebImageManager.h; sourceTree = "<group>"; };
		E65B0BBA1C4F84CE002262F1 /* SDWebImageManager.m */ = {isa = PBXFileReference; fileEncoding = 4; lastKnownFileType = sourcecode.c.objc; path = SDWebImageManager.m; sourceTree = "<group>"; };
		E65B0BBB1C4F84CE002262F1 /* SDWebImageOperation.h */ = {isa = PBXFileReference; fileEncoding = 4; lastKnownFileType = sourcecode.c.h; path = SDWebImageOperation.h; sourceTree = "<group>"; };
		E65B0BBC1C4F84CE002262F1 /* SDWebImagePrefetcher.h */ = {isa = PBXFileReference; fileEncoding = 4; lastKnownFileType = sourcecode.c.h; path = SDWebImagePrefetcher.h; sourceTree = "<group>"; };
		E65B0BBD1C4F84CE002262F1 /* SDWebImagePrefetcher.m */ = {isa = PBXFileReference; fileEncoding = 4; lastKnownFileType = sourcecode.c.objc; path = SDWebImagePrefetcher.m; sourceTree = "<group>"; };
		E65B0BBE1C4F84CE002262F1 /* UIButton+WebCache.h */ = {isa = PBXFileReference; fileEncoding = 4; lastKnownFileType = sourcecode.c.h; path = "UIButton+WebCache.h"; sourceTree = "<group>"; };
		E65B0BBF1C4F84CE002262F1 /* UIButton+WebCache.m */ = {isa = PBXFileReference; fileEncoding = 4; lastKnownFileType = sourcecode.c.objc; path = "UIButton+WebCache.m"; sourceTree = "<group>"; };
		E65B0BC01C4F84CE002262F1 /* UIImage+GIF.h */ = {isa = PBXFileReference; fileEncoding = 4; lastKnownFileType = sourcecode.c.h; path = "UIImage+GIF.h"; sourceTree = "<group>"; };
		E65B0BC11C4F84CE002262F1 /* UIImage+GIF.m */ = {isa = PBXFileReference; fileEncoding = 4; lastKnownFileType = sourcecode.c.objc; path = "UIImage+GIF.m"; sourceTree = "<group>"; };
		E65B0BC21C4F84CE002262F1 /* UIImage+MultiFormat.h */ = {isa = PBXFileReference; fileEncoding = 4; lastKnownFileType = sourcecode.c.h; path = "UIImage+MultiFormat.h"; sourceTree = "<group>"; };
		E65B0BC31C4F84CE002262F1 /* UIImage+MultiFormat.m */ = {isa = PBXFileReference; fileEncoding = 4; lastKnownFileType = sourcecode.c.objc; path = "UIImage+MultiFormat.m"; sourceTree = "<group>"; };
		E65B0BC41C4F84CE002262F1 /* UIImage+WebP.h */ = {isa = PBXFileReference; fileEncoding = 4; lastKnownFileType = sourcecode.c.h; path = "UIImage+WebP.h"; sourceTree = "<group>"; };
		E65B0BC51C4F84CE002262F1 /* UIImage+WebP.m */ = {isa = PBXFileReference; fileEncoding = 4; lastKnownFileType = sourcecode.c.objc; path = "UIImage+WebP.m"; sourceTree = "<group>"; };
		E65B0BC61C4F84CE002262F1 /* UIImageView+HighlightedWebCache.h */ = {isa = PBXFileReference; fileEncoding = 4; lastKnownFileType = sourcecode.c.h; path = "UIImageView+HighlightedWebCache.h"; sourceTree = "<group>"; };
		E65B0BC71C4F84CE002262F1 /* UIImageView+HighlightedWebCache.m */ = {isa = PBXFileReference; fileEncoding = 4; lastKnownFileType = sourcecode.c.objc; path = "UIImageView+HighlightedWebCache.m"; sourceTree = "<group>"; };
		E65B0BC81C4F84CE002262F1 /* UIImageView+WebCache.h */ = {isa = PBXFileReference; fileEncoding = 4; lastKnownFileType = sourcecode.c.h; path = "UIImageView+WebCache.h"; sourceTree = "<group>"; };
		E65B0BC91C4F84CE002262F1 /* UIImageView+WebCache.m */ = {isa = PBXFileReference; fileEncoding = 4; lastKnownFileType = sourcecode.c.objc; path = "UIImageView+WebCache.m"; sourceTree = "<group>"; };
		E65B0BCA1C4F84CE002262F1 /* UIView+WebCacheOperation.h */ = {isa = PBXFileReference; fileEncoding = 4; lastKnownFileType = sourcecode.c.h; path = "UIView+WebCacheOperation.h"; sourceTree = "<group>"; };
		E65B0BCB1C4F84CE002262F1 /* UIView+WebCacheOperation.m */ = {isa = PBXFileReference; fileEncoding = 4; lastKnownFileType = sourcecode.c.objc; path = "UIView+WebCacheOperation.m"; sourceTree = "<group>"; };
		E65B0BDD1C4F8584002262F1 /* MBProgressHUD.h */ = {isa = PBXFileReference; fileEncoding = 4; lastKnownFileType = sourcecode.c.h; path = MBProgressHUD.h; sourceTree = "<group>"; };
		E65B0BDE1C4F8584002262F1 /* MBProgressHUD.m */ = {isa = PBXFileReference; fileEncoding = 4; lastKnownFileType = sourcecode.c.objc; path = MBProgressHUD.m; sourceTree = "<group>"; };
		E65F9BE01C73F7FA0047A8E5 /* UCSelectAddressViewController.h */ = {isa = PBXFileReference; fileEncoding = 4; lastKnownFileType = sourcecode.c.h; path = UCSelectAddressViewController.h; sourceTree = "<group>"; };
		E65F9BE11C73F7FA0047A8E5 /* UCSelectAddressViewController.m */ = {isa = PBXFileReference; fileEncoding = 4; lastKnownFileType = sourcecode.c.objc; path = UCSelectAddressViewController.m; sourceTree = "<group>"; };
		E65F9BE31C7417750047A8E5 /* UCOrderDetailsViewController.h */ = {isa = PBXFileReference; fileEncoding = 4; lastKnownFileType = sourcecode.c.h; path = UCOrderDetailsViewController.h; sourceTree = "<group>"; };
		E65F9BE41C7417750047A8E5 /* UCOrderDetailsViewController.m */ = {isa = PBXFileReference; fileEncoding = 4; lastKnownFileType = sourcecode.c.objc; path = UCOrderDetailsViewController.m; sourceTree = "<group>"; };
		E65F9BE61C74192C0047A8E5 /* UCGoodsListViewController.h */ = {isa = PBXFileReference; fileEncoding = 4; lastKnownFileType = sourcecode.c.h; path = UCGoodsListViewController.h; sourceTree = "<group>"; };
		E65F9BE71C74192C0047A8E5 /* UCGoodsListViewController.m */ = {isa = PBXFileReference; fileEncoding = 4; lastKnownFileType = sourcecode.c.objc; path = UCGoodsListViewController.m; sourceTree = "<group>"; };
		E65F9BE91C7419490047A8E5 /* UCGoodsListTableViewCell.h */ = {isa = PBXFileReference; fileEncoding = 4; lastKnownFileType = sourcecode.c.h; path = UCGoodsListTableViewCell.h; sourceTree = "<group>"; };
		E65F9BEA1C7419490047A8E5 /* UCGoodsListTableViewCell.m */ = {isa = PBXFileReference; fileEncoding = 4; lastKnownFileType = sourcecode.c.objc; path = UCGoodsListTableViewCell.m; sourceTree = "<group>"; };
		E66397331C53926100E5F593 /* NSString+Utils.h */ = {isa = PBXFileReference; fileEncoding = 4; lastKnownFileType = sourcecode.c.h; path = "NSString+Utils.h"; sourceTree = "<group>"; };
		E66397341C53926100E5F593 /* NSString+Utils.m */ = {isa = PBXFileReference; fileEncoding = 4; lastKnownFileType = sourcecode.c.objc; path = "NSString+Utils.m"; sourceTree = "<group>"; };
		E66397371C53967800E5F593 /* CAlertView.h */ = {isa = PBXFileReference; fileEncoding = 4; lastKnownFileType = sourcecode.c.h; path = CAlertView.h; sourceTree = "<group>"; };
		E66397381C53967800E5F593 /* CAlertView.m */ = {isa = PBXFileReference; fileEncoding = 4; lastKnownFileType = sourcecode.c.objc; path = CAlertView.m; sourceTree = "<group>"; };
		E66397391C53967800E5F593 /* Const.h */ = {isa = PBXFileReference; fileEncoding = 4; lastKnownFileType = sourcecode.c.h; path = Const.h; sourceTree = "<group>"; };
		E6BA81D71C5083DF00A5C16F /* MainViewController.h */ = {isa = PBXFileReference; fileEncoding = 4; lastKnownFileType = sourcecode.c.h; path = MainViewController.h; sourceTree = "<group>"; };
		E6BA81D81C5083DF00A5C16F /* MainViewController.m */ = {isa = PBXFileReference; fileEncoding = 4; lastKnownFileType = sourcecode.c.objc; path = MainViewController.m; sourceTree = "<group>"; };
		E6BA81E61C508AC800A5C16F /* BaseViewController.h */ = {isa = PBXFileReference; fileEncoding = 4; lastKnownFileType = sourcecode.c.h; path = BaseViewController.h; sourceTree = "<group>"; };
		E6BA81E71C508AC800A5C16F /* BaseViewController.m */ = {isa = PBXFileReference; fileEncoding = 4; lastKnownFileType = sourcecode.c.objc; path = BaseViewController.m; sourceTree = "<group>"; };
		E6BA81EC1C508C9D00A5C16F /* HHomeViewController.h */ = {isa = PBXFileReference; fileEncoding = 4; lastKnownFileType = sourcecode.c.h; path = HHomeViewController.h; sourceTree = "<group>"; };
		E6BA81ED1C508C9D00A5C16F /* HHomeViewController.m */ = {isa = PBXFileReference; fileEncoding = 4; lastKnownFileType = sourcecode.c.objc; path = HHomeViewController.m; sourceTree = "<group>"; };
		E6BA81EF1C508CDD00A5C16F /* TLTimeLimitViewController.h */ = {isa = PBXFileReference; fileEncoding = 4; lastKnownFileType = sourcecode.c.h; path = TLTimeLimitViewController.h; sourceTree = "<group>"; };
		E6BA81F01C508CDD00A5C16F /* TLTimeLimitViewController.m */ = {isa = PBXFileReference; fileEncoding = 4; lastKnownFileType = sourcecode.c.objc; path = TLTimeLimitViewController.m; sourceTree = "<group>"; };
		E6BA81F21C508CF200A5C16F /* SCShoppingCartViewController.h */ = {isa = PBXFileReference; fileEncoding = 4; lastKnownFileType = sourcecode.c.h; path = SCShoppingCartViewController.h; sourceTree = "<group>"; };
		E6BA81F31C508CF200A5C16F /* SCShoppingCartViewController.m */ = {isa = PBXFileReference; fileEncoding = 4; lastKnownFileType = sourcecode.c.objc; path = SCShoppingCartViewController.m; sourceTree = "<group>"; };
		E6BA81F51C508D0100A5C16F /* UCUserCenterViewController.h */ = {isa = PBXFileReference; fileEncoding = 4; lastKnownFileType = sourcecode.c.h; path = UCUserCenterViewController.h; sourceTree = "<group>"; };
		E6BA81F61C508D0100A5C16F /* UCUserCenterViewController.m */ = {isa = PBXFileReference; fileEncoding = 4; lastKnownFileType = sourcecode.c.objc; path = UCUserCenterViewController.m; sourceTree = "<group>"; };
		E6BA81F91C508D6500A5C16F /* BackViewAnimation.h */ = {isa = PBXFileReference; fileEncoding = 4; lastKnownFileType = sourcecode.c.h; path = BackViewAnimation.h; sourceTree = "<group>"; };
		E6BA81FA1C508D6500A5C16F /* BackViewAnimation.m */ = {isa = PBXFileReference; fileEncoding = 4; lastKnownFileType = sourcecode.c.objc; path = BackViewAnimation.m; sourceTree = "<group>"; };
		E6BA81FB1C508D6500A5C16F /* BackViewTransition.h */ = {isa = PBXFileReference; fileEncoding = 4; lastKnownFileType = sourcecode.c.h; path = BackViewTransition.h; sourceTree = "<group>"; };
		E6BA81FC1C508D6500A5C16F /* BackViewTransition.m */ = {isa = PBXFileReference; fileEncoding = 4; lastKnownFileType = sourcecode.c.objc; path = BackViewTransition.m; sourceTree = "<group>"; };
		E6BA81FD1C508D6500A5C16F /* PushViewAnimation.h */ = {isa = PBXFileReference; fileEncoding = 4; lastKnownFileType = sourcecode.c.h; path = PushViewAnimation.h; sourceTree = "<group>"; };
		E6BA81FE1C508D6500A5C16F /* PushViewAnimation.m */ = {isa = PBXFileReference; fileEncoding = 4; lastKnownFileType = sourcecode.c.objc; path = PushViewAnimation.m; sourceTree = "<group>"; };
		E6BA81FF1C508D6500A5C16F /* SwipeBackNavigationViewController.h */ = {isa = PBXFileReference; fileEncoding = 4; lastKnownFileType = sourcecode.c.h; path = SwipeBackNavigationViewController.h; sourceTree = "<group>"; };
		E6BA82001C508D6500A5C16F /* SwipeBackNavigationViewController.m */ = {isa = PBXFileReference; fileEncoding = 4; lastKnownFileType = sourcecode.c.objc; path = SwipeBackNavigationViewController.m; sourceTree = "<group>"; };
		E6BA82091C50B9E700A5C16F /* TabBarViewController.h */ = {isa = PBXFileReference; fileEncoding = 4; lastKnownFileType = sourcecode.c.h; path = TabBarViewController.h; sourceTree = "<group>"; };
		E6BA820A1C50B9E700A5C16F /* TabBarViewController.m */ = {isa = PBXFileReference; fileEncoding = 4; lastKnownFileType = sourcecode.c.objc; path = TabBarViewController.m; sourceTree = "<group>"; };
		E6BA82121C50C3BB00A5C16F /* HGoodsDetailsViewController.h */ = {isa = PBXFileReference; fileEncoding = 4; lastKnownFileType = sourcecode.c.h; path = HGoodsDetailsViewController.h; sourceTree = "<group>"; };
		E6BA82131C50C3BB00A5C16F /* HGoodsDetailsViewController.m */ = {isa = PBXFileReference; fileEncoding = 4; lastKnownFileType = sourcecode.c.objc; path = HGoodsDetailsViewController.m; sourceTree = "<group>"; };
		E6C25CCF1C7178B000FE6E9F /* SCConfirmOrderViewController.h */ = {isa = PBXFileReference; fileEncoding = 4; lastKnownFileType = sourcecode.c.h; path = SCConfirmOrderViewController.h; sourceTree = "<group>"; };
		E6C25CD01C7178B000FE6E9F /* SCConfirmOrderViewController.m */ = {isa = PBXFileReference; fileEncoding = 4; lastKnownFileType = sourcecode.c.objc; path = SCConfirmOrderViewController.m; sourceTree = "<group>"; };
		E6C25CDB1C71A9E200FE6E9F /* SCGoodsListViewController.h */ = {isa = PBXFileReference; fileEncoding = 4; lastKnownFileType = sourcecode.c.h; path = SCGoodsListViewController.h; sourceTree = "<group>"; };
		E6C25CDC1C71A9E200FE6E9F /* SCGoodsListViewController.m */ = {isa = PBXFileReference; fileEncoding = 4; lastKnownFileType = sourcecode.c.objc; path = SCGoodsListViewController.m; sourceTree = "<group>"; };
		E6C46A1C1C75532E005D643A /* ULLoginViewController.h */ = {isa = PBXFileReference; fileEncoding = 4; lastKnownFileType = sourcecode.c.h; path = ULLoginViewController.h; sourceTree = "<group>"; };
		E6C46A1D1C75532E005D643A /* ULLoginViewController.m */ = {isa = PBXFileReference; fileEncoding = 4; lastKnownFileType = sourcecode.c.objc; path = ULLoginViewController.m; sourceTree = "<group>"; };
		E6C46A1F1C755B16005D643A /* CTextField.h */ = {isa = PBXFileReference; fileEncoding = 4; lastKnownFileType = sourcecode.c.h; path = CTextField.h; sourceTree = "<group>"; };
		E6C46A201C755B16005D643A /* CTextField.m */ = {isa = PBXFileReference; fileEncoding = 4; lastKnownFileType = sourcecode.c.objc; path = CTextField.m; sourceTree = "<group>"; };
		E6C46A221C7570C5005D643A /* ULRegisterViewController.h */ = {isa = PBXFileReference; fileEncoding = 4; lastKnownFileType = sourcecode.c.h; path = ULRegisterViewController.h; sourceTree = "<group>"; };
		E6C46A231C7570C5005D643A /* ULRegisterViewController.m */ = {isa = PBXFileReference; fileEncoding = 4; lastKnownFileType = sourcecode.c.objc; path = ULRegisterViewController.m; sourceTree = "<group>"; };
		E6C46A251C7594D9005D643A /* ULQuickLoginViewController.h */ = {isa = PBXFileReference; fileEncoding = 4; lastKnownFileType = sourcecode.c.h; path = ULQuickLoginViewController.h; sourceTree = "<group>"; };
		E6C46A261C7594D9005D643A /* ULQuickLoginViewController.m */ = {isa = PBXFileReference; fileEncoding = 4; lastKnownFileType = sourcecode.c.objc; path = ULQuickLoginViewController.m; sourceTree = "<group>"; };
		E6C6272E1C76A1AA00BD3F7E /* ULFindPasswordViewController.h */ = {isa = PBXFileReference; fileEncoding = 4; lastKnownFileType = sourcecode.c.h; path = ULFindPasswordViewController.h; sourceTree = "<group>"; };
		E6C6272F1C76A1AA00BD3F7E /* ULFindPasswordViewController.m */ = {isa = PBXFileReference; fileEncoding = 4; lastKnownFileType = sourcecode.c.objc; path = ULFindPasswordViewController.m; sourceTree = "<group>"; };
		E6E4C48F1C605F4000B15B20 /* NSObject+Utils.h */ = {isa = PBXFileReference; fileEncoding = 4; lastKnownFileType = sourcecode.c.h; path = "NSObject+Utils.h"; sourceTree = "<group>"; };
		E6E4C4901C605F4000B15B20 /* NSObject+Utils.m */ = {isa = PBXFileReference; fileEncoding = 4; lastKnownFileType = sourcecode.c.objc; path = "NSObject+Utils.m"; sourceTree = "<group>"; };
		E6ED93F41C5EEF7300127DC7 /* SCShoppingCartTableViewCell.h */ = {isa = PBXFileReference; fileEncoding = 4; lastKnownFileType = sourcecode.c.h; path = SCShoppingCartTableViewCell.h; sourceTree = "<group>"; };
		E6ED93F51C5EEF7300127DC7 /* SCShoppingCartTableViewCell.m */ = {isa = PBXFileReference; fileEncoding = 4; lastKnownFileType = sourcecode.c.objc; path = SCShoppingCartTableViewCell.m; sourceTree = "<group>"; };
		E6F3CE091C522FEA001A3670 /* NSObject+DataConvert.h */ = {isa = PBXFileReference; fileEncoding = 4; lastKnownFileType = sourcecode.c.h; path = "NSObject+DataConvert.h"; sourceTree = "<group>"; };
		E6F3CE0A1C522FEA001A3670 /* NSObject+DataConvert.m */ = {isa = PBXFileReference; fileEncoding = 4; lastKnownFileType = sourcecode.c.objc; path = "NSObject+DataConvert.m"; sourceTree = "<group>"; };
		E6F3CE0C1C523201001A3670 /* HHomeTableViewCell.h */ = {isa = PBXFileReference; fileEncoding = 4; lastKnownFileType = sourcecode.c.h; path = HHomeTableViewCell.h; sourceTree = "<group>"; };
		E6F3CE0D1C523201001A3670 /* HHomeTableViewCell.m */ = {isa = PBXFileReference; fileEncoding = 4; lastKnownFileType = sourcecode.c.objc; path = HHomeTableViewCell.m; sourceTree = "<group>"; };
		E6F3CE0F1C5232C2001A3670 /* HHomeDetailsViewController.h */ = {isa = PBXFileReference; fileEncoding = 4; lastKnownFileType = sourcecode.c.h; path = HHomeDetailsViewController.h; sourceTree = "<group>"; };
		E6F3CE101C5232C2001A3670 /* HHomeDetailsViewController.m */ = {isa = PBXFileReference; fileEncoding = 4; lastKnownFileType = sourcecode.c.objc; path = HHomeDetailsViewController.m; sourceTree = "<group>"; };
		E6F3CE121C523387001A3670 /* HHomeDetailsTableViewCell.h */ = {isa = PBXFileReference; fileEncoding = 4; lastKnownFileType = sourcecode.c.h; path = HHomeDetailsTableViewCell.h; sourceTree = "<group>"; };
		E6F3CE131C523387001A3670 /* HHomeDetailsTableViewCell.m */ = {isa = PBXFileReference; fileEncoding = 4; lastKnownFileType = sourcecode.c.objc; path = HHomeDetailsTableViewCell.m; sourceTree = "<group>"; };
		E6F3CE181C5274C1001A3670 /* NSObject+HttpTask.h */ = {isa = PBXFileReference; fileEncoding = 4; lastKnownFileType = sourcecode.c.h; path = "NSObject+HttpTask.h"; sourceTree = "<group>"; };
		E6F3CE191C5274C1001A3670 /* NSObject+HttpTask.m */ = {isa = PBXFileReference; fileEncoding = 4; lastKnownFileType = sourcecode.c.objc; path = "NSObject+HttpTask.m"; sourceTree = "<group>"; };
		E6F4558D1C574A6400B69D29 /* ImagePlayerView-Prefix.pch */ = {isa = PBXFileReference; fileEncoding = 4; lastKnownFileType = sourcecode.c.h; path = "ImagePlayerView-Prefix.pch"; sourceTree = "<group>"; };
		E6F4558E1C574A6400B69D29 /* ImagePlayerView.h */ = {isa = PBXFileReference; fileEncoding = 4; lastKnownFileType = sourcecode.c.h; path = ImagePlayerView.h; sourceTree = "<group>"; };
		E6F4558F1C574A6400B69D29 /* ImagePlayerView.m */ = {isa = PBXFileReference; fileEncoding = 4; lastKnownFileType = sourcecode.c.objc; path = ImagePlayerView.m; sourceTree = "<group>"; };
/* End PBXFileReference section */

/* Begin PBXFrameworksBuildPhase section */
		E65B0B2D1C4F7A24002262F1 /* Frameworks */ = {
			isa = PBXFrameworksBuildPhase;
			buildActionMask = 2147483647;
			files = (
			);
			runOnlyForDeploymentPostprocessing = 0;
		};
/* End PBXFrameworksBuildPhase section */

/* Begin PBXGroup section */
		E65B0B271C4F7A24002262F1 = {
			isa = PBXGroup;
			children = (
				E65B0B321C4F7A24002262F1 /* Mai */,
				E65B0B311C4F7A24002262F1 /* Products */,
			);
			sourceTree = "<group>";
		};
		E65B0B311C4F7A24002262F1 /* Products */ = {
			isa = PBXGroup;
			children = (
				E65B0B301C4F7A24002262F1 /* Mai.app */,
			);
			name = Products;
			sourceTree = "<group>";
		};
		E65B0B321C4F7A24002262F1 /* Mai */ = {
			isa = PBXGroup;
			children = (
				E65B0B4F1C4F7F06002262F1 /* SysLibraries */,
				E65B0B4E1C4F7F06002262F1 /* Libraries */,
				E65B0B4A1C4F7F06002262F1 /* Common */,
				E6BA81DA1C5089FE00A5C16F /* Home */,
				E6BA81DC1C5089FE00A5C16F /* TimeLimit */,
				E6BA81DB1C5089FE00A5C16F /* ShoppingCart */,
				E6BA81DD1C5089FE00A5C16F /* UserCenter */,
				E6C46A191C755301005D643A /* UserLogin */,
				E65B0B361C4F7A24002262F1 /* AppDelegate.h */,
				E65B0B371C4F7A24002262F1 /* AppDelegate.m */,
				E65B0B3F1C4F7A24002262F1 /* Assets.xcassets */,
				E65B0B411C4F7A24002262F1 /* LaunchScreen.storyboard */,
				E65B0B441C4F7A24002262F1 /* Info.plist */,
				E65B0B331C4F7A24002262F1 /* Supporting Files */,
			);
			path = Mai;
			sourceTree = "<group>";
		};
		E65B0B331C4F7A24002262F1 /* Supporting Files */ = {
			isa = PBXGroup;
			children = (
				E65B0B341C4F7A24002262F1 /* main.m */,
			);
			name = "Supporting Files";
			sourceTree = "<group>";
		};
		E65B0B4A1C4F7F06002262F1 /* Common */ = {
			isa = PBXGroup;
			children = (
				E66397361C53967800E5F593 /* Utils */,
				E65B0B4B1C4F7F06002262F1 /* Category */,
				E65B0B4C1C4F7F06002262F1 /* Controller */,
			);
			path = Common;
			sourceTree = "<group>";
		};
		E65B0B4B1C4F7F06002262F1 /* Category */ = {
			isa = PBXGroup;
			children = (
				E65B0B501C4F8005002262F1 /* UIView+Frame.h */,
				E65B0B511C4F8005002262F1 /* UIView+Frame.m */,
				E65B0B531C4F8205002262F1 /* UILabel+AutoFrame.h */,
				E65B0B541C4F8205002262F1 /* UILabel+AutoFrame.m */,
				E6F3CE091C522FEA001A3670 /* NSObject+DataConvert.h */,
				E6F3CE0A1C522FEA001A3670 /* NSObject+DataConvert.m */,
				E6F3CE181C5274C1001A3670 /* NSObject+HttpTask.h */,
				E6F3CE191C5274C1001A3670 /* NSObject+HttpTask.m */,
				E66397331C53926100E5F593 /* NSString+Utils.h */,
				E66397341C53926100E5F593 /* NSString+Utils.m */,
				E6E4C48F1C605F4000B15B20 /* NSObject+Utils.h */,
				E6E4C4901C605F4000B15B20 /* NSObject+Utils.m */,
			);
			path = Category;
			sourceTree = "<group>";
		};
		E65B0B4C1C4F7F06002262F1 /* Controller */ = {
			isa = PBXGroup;
			children = (
				E6BA81E61C508AC800A5C16F /* BaseViewController.h */,
				E6BA81E71C508AC800A5C16F /* BaseViewController.m */,
				E6BA81D71C5083DF00A5C16F /* MainViewController.h */,
				E6BA81D81C5083DF00A5C16F /* MainViewController.m */,
				E6BA82091C50B9E700A5C16F /* TabBarViewController.h */,
				E6BA820A1C50B9E700A5C16F /* TabBarViewController.m */,
			);
			path = Controller;
			sourceTree = "<group>";
		};
		E65B0B4E1C4F7F06002262F1 /* Libraries */ = {
			isa = PBXGroup;
			children = (
				E6F4558C1C574A6400B69D29 /* ImagePlayerView */,
				E6BA81F81C508D6500A5C16F /* SwipeBackNavigation */,
				E65B0BDC1C4F8584002262F1 /* MBProgressHUD */,
				E65B0BAA1C4F84CE002262F1 /* SDWebImage */,
				E65B0B6A1C4F84C4002262F1 /* MJRefresh */,
				E65B0B561C4F84B8002262F1 /* AFNetworking */,
			);
			path = Libraries;
			sourceTree = "<group>";
		};
		E65B0B4F1C4F7F06002262F1 /* SysLibraries */ = {
			isa = PBXGroup;
			children = (
			);
			path = SysLibraries;
			sourceTree = "<group>";
		};
		E65B0B561C4F84B8002262F1 /* AFNetworking */ = {
			isa = PBXGroup;
			children = (
				E65B0B571C4F84B8002262F1 /* AFHTTPSessionManager.h */,
				E65B0B581C4F84B8002262F1 /* AFHTTPSessionManager.m */,
				E65B0B591C4F84B8002262F1 /* AFNetworking.h */,
				E65B0B5A1C4F84B8002262F1 /* AFNetworkReachabilityManager.h */,
				E65B0B5B1C4F84B8002262F1 /* AFNetworkReachabilityManager.m */,
				E65B0B5C1C4F84B8002262F1 /* AFSecurityPolicy.h */,
				E65B0B5D1C4F84B8002262F1 /* AFSecurityPolicy.m */,
				E65B0B5E1C4F84B8002262F1 /* AFURLRequestSerialization.h */,
				E65B0B5F1C4F84B8002262F1 /* AFURLRequestSerialization.m */,
				E65B0B601C4F84B8002262F1 /* AFURLResponseSerialization.h */,
				E65B0B611C4F84B8002262F1 /* AFURLResponseSerialization.m */,
				E65B0B621C4F84B8002262F1 /* AFURLSessionManager.h */,
				E65B0B631C4F84B8002262F1 /* AFURLSessionManager.m */,
			);
			path = AFNetworking;
			sourceTree = "<group>";
		};
		E65B0B6A1C4F84C4002262F1 /* MJRefresh */ = {
			isa = PBXGroup;
			children = (
				E65B0B6B1C4F84C4002262F1 /* Base */,
				E65B0B761C4F84C4002262F1 /* Custom */,
				E65B0B8D1C4F84C4002262F1 /* MJRefresh.bundle */,
				E65B0B8E1C4F84C4002262F1 /* MJRefresh.h */,
				E65B0B8F1C4F84C4002262F1 /* MJRefreshConst.h */,
				E65B0B901C4F84C4002262F1 /* MJRefreshConst.m */,
				E65B0B911C4F84C4002262F1 /* UIScrollView+MJExtension.h */,
				E65B0B921C4F84C4002262F1 /* UIScrollView+MJExtension.m */,
				E65B0B931C4F84C4002262F1 /* UIScrollView+MJRefresh.h */,
				E65B0B941C4F84C4002262F1 /* UIScrollView+MJRefresh.m */,
				E65B0B951C4F84C4002262F1 /* UIView+MJExtension.h */,
				E65B0B961C4F84C4002262F1 /* UIView+MJExtension.m */,
			);
			path = MJRefresh;
			sourceTree = "<group>";
		};
		E65B0B6B1C4F84C4002262F1 /* Base */ = {
			isa = PBXGroup;
			children = (
				E65B0B6C1C4F84C4002262F1 /* MJRefreshAutoFooter.h */,
				E65B0B6D1C4F84C4002262F1 /* MJRefreshAutoFooter.m */,
				E65B0B6E1C4F84C4002262F1 /* MJRefreshBackFooter.h */,
				E65B0B6F1C4F84C4002262F1 /* MJRefreshBackFooter.m */,
				E65B0B701C4F84C4002262F1 /* MJRefreshComponent.h */,
				E65B0B711C4F84C4002262F1 /* MJRefreshComponent.m */,
				E65B0B721C4F84C4002262F1 /* MJRefreshFooter.h */,
				E65B0B731C4F84C4002262F1 /* MJRefreshFooter.m */,
				E65B0B741C4F84C4002262F1 /* MJRefreshHeader.h */,
				E65B0B751C4F84C4002262F1 /* MJRefreshHeader.m */,
			);
			path = Base;
			sourceTree = "<group>";
		};
		E65B0B761C4F84C4002262F1 /* Custom */ = {
			isa = PBXGroup;
			children = (
				E65B0B771C4F84C4002262F1 /* Footer */,
				E65B0B861C4F84C4002262F1 /* Header */,
			);
			path = Custom;
			sourceTree = "<group>";
		};
		E65B0B771C4F84C4002262F1 /* Footer */ = {
			isa = PBXGroup;
			children = (
				E65B0B781C4F84C4002262F1 /* Auto */,
				E65B0B7F1C4F84C4002262F1 /* Back */,
			);
			path = Footer;
			sourceTree = "<group>";
		};
		E65B0B781C4F84C4002262F1 /* Auto */ = {
			isa = PBXGroup;
			children = (
				E65B0B791C4F84C4002262F1 /* MJRefreshAutoGifFooter.h */,
				E65B0B7A1C4F84C4002262F1 /* MJRefreshAutoGifFooter.m */,
				E65B0B7B1C4F84C4002262F1 /* MJRefreshAutoNormalFooter.h */,
				E65B0B7C1C4F84C4002262F1 /* MJRefreshAutoNormalFooter.m */,
				E65B0B7D1C4F84C4002262F1 /* MJRefreshAutoStateFooter.h */,
				E65B0B7E1C4F84C4002262F1 /* MJRefreshAutoStateFooter.m */,
			);
			path = Auto;
			sourceTree = "<group>";
		};
		E65B0B7F1C4F84C4002262F1 /* Back */ = {
			isa = PBXGroup;
			children = (
				E65B0B801C4F84C4002262F1 /* MJRefreshBackGifFooter.h */,
				E65B0B811C4F84C4002262F1 /* MJRefreshBackGifFooter.m */,
				E65B0B821C4F84C4002262F1 /* MJRefreshBackNormalFooter.h */,
				E65B0B831C4F84C4002262F1 /* MJRefreshBackNormalFooter.m */,
				E65B0B841C4F84C4002262F1 /* MJRefreshBackStateFooter.h */,
				E65B0B851C4F84C4002262F1 /* MJRefreshBackStateFooter.m */,
			);
			path = Back;
			sourceTree = "<group>";
		};
		E65B0B861C4F84C4002262F1 /* Header */ = {
			isa = PBXGroup;
			children = (
				E65B0B871C4F84C4002262F1 /* MJRefreshGifHeader.h */,
				E65B0B881C4F84C4002262F1 /* MJRefreshGifHeader.m */,
				E65B0B891C4F84C4002262F1 /* MJRefreshNormalHeader.h */,
				E65B0B8A1C4F84C4002262F1 /* MJRefreshNormalHeader.m */,
				E65B0B8B1C4F84C4002262F1 /* MJRefreshStateHeader.h */,
				E65B0B8C1C4F84C4002262F1 /* MJRefreshStateHeader.m */,
			);
			path = Header;
			sourceTree = "<group>";
		};
		E65B0BAA1C4F84CE002262F1 /* SDWebImage */ = {
			isa = PBXGroup;
			children = (
				E65B0BAB1C4F84CE002262F1 /* MKAnnotationView+WebCache.h */,
				E65B0BAC1C4F84CE002262F1 /* MKAnnotationView+WebCache.m */,
				E65B0BAD1C4F84CE002262F1 /* NSData+ImageContentType.h */,
				E65B0BAE1C4F84CE002262F1 /* NSData+ImageContentType.m */,
				E65B0BAF1C4F84CE002262F1 /* SDImageCache.h */,
				E65B0BB01C4F84CE002262F1 /* SDImageCache.m */,
				E65B0BB11C4F84CE002262F1 /* SDWebImageCompat.h */,
				E65B0BB21C4F84CE002262F1 /* SDWebImageCompat.m */,
				E65B0BB31C4F84CE002262F1 /* SDWebImageDecoder.h */,
				E65B0BB41C4F84CE002262F1 /* SDWebImageDecoder.m */,
				E65B0BB51C4F84CE002262F1 /* SDWebImageDownloader.h */,
				E65B0BB61C4F84CE002262F1 /* SDWebImageDownloader.m */,
				E65B0BB71C4F84CE002262F1 /* SDWebImageDownloaderOperation.h */,
				E65B0BB81C4F84CE002262F1 /* SDWebImageDownloaderOperation.m */,
				E65B0BB91C4F84CE002262F1 /* SDWebImageManager.h */,
				E65B0BBA1C4F84CE002262F1 /* SDWebImageManager.m */,
				E65B0BBB1C4F84CE002262F1 /* SDWebImageOperation.h */,
				E65B0BBC1C4F84CE002262F1 /* SDWebImagePrefetcher.h */,
				E65B0BBD1C4F84CE002262F1 /* SDWebImagePrefetcher.m */,
				E65B0BBE1C4F84CE002262F1 /* UIButton+WebCache.h */,
				E65B0BBF1C4F84CE002262F1 /* UIButton+WebCache.m */,
				E65B0BC01C4F84CE002262F1 /* UIImage+GIF.h */,
				E65B0BC11C4F84CE002262F1 /* UIImage+GIF.m */,
				E65B0BC21C4F84CE002262F1 /* UIImage+MultiFormat.h */,
				E65B0BC31C4F84CE002262F1 /* UIImage+MultiFormat.m */,
				E65B0BC41C4F84CE002262F1 /* UIImage+WebP.h */,
				E65B0BC51C4F84CE002262F1 /* UIImage+WebP.m */,
				E65B0BC61C4F84CE002262F1 /* UIImageView+HighlightedWebCache.h */,
				E65B0BC71C4F84CE002262F1 /* UIImageView+HighlightedWebCache.m */,
				E65B0BC81C4F84CE002262F1 /* UIImageView+WebCache.h */,
				E65B0BC91C4F84CE002262F1 /* UIImageView+WebCache.m */,
				E65B0BCA1C4F84CE002262F1 /* UIView+WebCacheOperation.h */,
				E65B0BCB1C4F84CE002262F1 /* UIView+WebCacheOperation.m */,
			);
			path = SDWebImage;
			sourceTree = "<group>";
		};
		E65B0BDC1C4F8584002262F1 /* MBProgressHUD */ = {
			isa = PBXGroup;
			children = (
				E65B0BDD1C4F8584002262F1 /* MBProgressHUD.h */,
				E65B0BDE1C4F8584002262F1 /* MBProgressHUD.m */,
			);
			path = MBProgressHUD;
			sourceTree = "<group>";
		};
		E66397361C53967800E5F593 /* Utils */ = {
			isa = PBXGroup;
			children = (
				E66397391C53967800E5F593 /* Const.h */,
				E66397371C53967800E5F593 /* CAlertView.h */,
				E66397381C53967800E5F593 /* CAlertView.m */,
				E647324C1C5CA0DF008061A5 /* CSlidingViewController.h */,
				E647324D1C5CA0DF008061A5 /* CSlidingViewController.m */,
				E61CCE741C7201B100CAF626 /* CKeyboardToolBar.h */,
				E61CCE751C7201B100CAF626 /* CKeyboardToolBar.m */,
				E6C46A1F1C755B16005D643A /* CTextField.h */,
				E6C46A201C755B16005D643A /* CTextField.m */,
			);
			path = Utils;
			sourceTree = "<group>";
		};
		E6BA81DA1C5089FE00A5C16F /* Home */ = {
			isa = PBXGroup;
			children = (
				E6BA81DE1C508A7200A5C16F /* Controller */,
				E6BA81DF1C508A7200A5C16F /* View */,
			);
			path = Home;
			sourceTree = "<group>";
		};
		E6BA81DB1C5089FE00A5C16F /* ShoppingCart */ = {
			isa = PBXGroup;
			children = (
				E6BA81E21C508A8200A5C16F /* Controller */,
				E6BA81E31C508A8200A5C16F /* View */,
			);
			path = ShoppingCart;
			sourceTree = "<group>";
		};
		E6BA81DC1C5089FE00A5C16F /* TimeLimit */ = {
			isa = PBXGroup;
			children = (
				E6BA81E01C508A7A00A5C16F /* Controller */,
				E6BA81E11C508A7B00A5C16F /* View */,
			);
			path = TimeLimit;
			sourceTree = "<group>";
		};
		E6BA81DD1C5089FE00A5C16F /* UserCenter */ = {
			isa = PBXGroup;
			children = (
				E6BA81E41C508A8900A5C16F /* Controller */,
				E6BA81E51C508A8900A5C16F /* View */,
			);
			path = UserCenter;
			sourceTree = "<group>";
		};
		E6BA81DE1C508A7200A5C16F /* Controller */ = {
			isa = PBXGroup;
			children = (
				E6BA81EC1C508C9D00A5C16F /* HHomeViewController.h */,
				E6BA81ED1C508C9D00A5C16F /* HHomeViewController.m */,
				E6F3CE0F1C5232C2001A3670 /* HHomeDetailsViewController.h */,
				E6F3CE101C5232C2001A3670 /* HHomeDetailsViewController.m */,
				E6BA82121C50C3BB00A5C16F /* HGoodsDetailsViewController.h */,
				E6BA82131C50C3BB00A5C16F /* HGoodsDetailsViewController.m */,
				E64732521C5CA422008061A5 /* HGoodsDescriptionsViewController.h */,
				E64732531C5CA422008061A5 /* HGoodsDescriptionsViewController.m */,
				E64732551C5CA449008061A5 /* HGoodsImageInfoViewController.h */,
				E64732561C5CA449008061A5 /* HGoodsImageInfoViewController.m */,
			);
			path = Controller;
			sourceTree = "<group>";
		};
		E6BA81DF1C508A7200A5C16F /* View */ = {
			isa = PBXGroup;
			children = (
				E6F3CE0C1C523201001A3670 /* HHomeTableViewCell.h */,
				E6F3CE0D1C523201001A3670 /* HHomeTableViewCell.m */,
				E6F3CE121C523387001A3670 /* HHomeDetailsTableViewCell.h */,
				E6F3CE131C523387001A3670 /* HHomeDetailsTableViewCell.m */,
			);
			path = View;
			sourceTree = "<group>";
		};
		E6BA81E01C508A7A00A5C16F /* Controller */ = {
			isa = PBXGroup;
			children = (
				E6BA81EF1C508CDD00A5C16F /* TLTimeLimitViewController.h */,
				E6BA81F01C508CDD00A5C16F /* TLTimeLimitViewController.m */,
			);
			path = Controller;
			sourceTree = "<group>";
		};
		E6BA81E11C508A7B00A5C16F /* View */ = {
			isa = PBXGroup;
			children = (
			);
			path = View;
			sourceTree = "<group>";
		};
		E6BA81E21C508A8200A5C16F /* Controller */ = {
			isa = PBXGroup;
			children = (
				E6BA81F21C508CF200A5C16F /* SCShoppingCartViewController.h */,
				E6BA81F31C508CF200A5C16F /* SCShoppingCartViewController.m */,
				E6C25CCF1C7178B000FE6E9F /* SCConfirmOrderViewController.h */,
				E6C25CD01C7178B000FE6E9F /* SCConfirmOrderViewController.m */,
				E6C25CDB1C71A9E200FE6E9F /* SCGoodsListViewController.h */,
				E6C25CDC1C71A9E200FE6E9F /* SCGoodsListViewController.m */,
			);
			path = Controller;
			sourceTree = "<group>";
		};
		E6BA81E31C508A8200A5C16F /* View */ = {
			isa = PBXGroup;
			children = (
				E6ED93F41C5EEF7300127DC7 /* SCShoppingCartTableViewCell.h */,
				E6ED93F51C5EEF7300127DC7 /* SCShoppingCartTableViewCell.m */,
			);
			path = View;
			sourceTree = "<group>";
		};
		E6BA81E41C508A8900A5C16F /* Controller */ = {
			isa = PBXGroup;
			children = (
				E6BA81F51C508D0100A5C16F /* UCUserCenterViewController.h */,
				E6BA81F61C508D0100A5C16F /* UCUserCenterViewController.m */,
				E65F9BE01C73F7FA0047A8E5 /* UCSelectAddressViewController.h */,
				E65F9BE11C73F7FA0047A8E5 /* UCSelectAddressViewController.m */,
				E61ADDFC1C72BFF0009D0324 /* UCUserAddressViewController.h */,
				E61ADDFD1C72BFF0009D0324 /* UCUserAddressViewController.m */,
				E61ADDFF1C72D813009D0324 /* UCAddressDetailsViewController.h */,
				E61ADE001C72D813009D0324 /* UCAddressDetailsViewController.m */,
				E65F9BE31C7417750047A8E5 /* UCOrderDetailsViewController.h */,
				E65F9BE41C7417750047A8E5 /* UCOrderDetailsViewController.m */,
				E65F9BE61C74192C0047A8E5 /* UCGoodsListViewController.h */,
				E65F9BE71C74192C0047A8E5 /* UCGoodsListViewController.m */,
				E6138CC91C79B97B003A370E /* UCEditProfileViewController.h */,
				E6138CCA1C79B97B003A370E /* UCEditProfileViewController.m */,
			);
			path = Controller;
			sourceTree = "<group>";
		};
		E6BA81E51C508A8900A5C16F /* View */ = {
			isa = PBXGroup;
			children = (
				E65F9BE91C7419490047A8E5 /* UCGoodsListTableViewCell.h */,
				E65F9BEA1C7419490047A8E5 /* UCGoodsListTableViewCell.m */,
			);
			path = View;
			sourceTree = "<group>";
		};
		E6BA81F81C508D6500A5C16F /* SwipeBackNavigation */ = {
			isa = PBXGroup;
			children = (
				E6BA81F91C508D6500A5C16F /* BackViewAnimation.h */,
				E6BA81FA1C508D6500A5C16F /* BackViewAnimation.m */,
				E6BA81FB1C508D6500A5C16F /* BackViewTransition.h */,
				E6BA81FC1C508D6500A5C16F /* BackViewTransition.m */,
				E6BA81FD1C508D6500A5C16F /* PushViewAnimation.h */,
				E6BA81FE1C508D6500A5C16F /* PushViewAnimation.m */,
				E6BA81FF1C508D6500A5C16F /* SwipeBackNavigationViewController.h */,
				E6BA82001C508D6500A5C16F /* SwipeBackNavigationViewController.m */,
			);
			path = SwipeBackNavigation;
			sourceTree = "<group>";
		};
		E6C46A191C755301005D643A /* UserLogin */ = {
			isa = PBXGroup;
			children = (
				E6C46A1A1C755301005D643A /* Controller */,
				E6C46A1B1C755301005D643A /* View */,
			);
			path = UserLogin;
			sourceTree = "<group>";
		};
		E6C46A1A1C755301005D643A /* Controller */ = {
			isa = PBXGroup;
			children = (
				E6C46A1C1C75532E005D643A /* ULLoginViewController.h */,
				E6C46A1D1C75532E005D643A /* ULLoginViewController.m */,
				E6C46A221C7570C5005D643A /* ULRegisterViewController.h */,
				E6C46A231C7570C5005D643A /* ULRegisterViewController.m */,
				E6C46A251C7594D9005D643A /* ULQuickLoginViewController.h */,
				E6C46A261C7594D9005D643A /* ULQuickLoginViewController.m */,
				E6C6272E1C76A1AA00BD3F7E /* ULFindPasswordViewController.h */,
				E6C6272F1C76A1AA00BD3F7E /* ULFindPasswordViewController.m */,
			);
			path = Controller;
			sourceTree = "<group>";
		};
		E6C46A1B1C755301005D643A /* View */ = {
			isa = PBXGroup;
			children = (
			);
			path = View;
			sourceTree = "<group>";
		};
		E6F4558C1C574A6400B69D29 /* ImagePlayerView */ = {
			isa = PBXGroup;
			children = (
				E6F4558D1C574A6400B69D29 /* ImagePlayerView-Prefix.pch */,
				E6F4558E1C574A6400B69D29 /* ImagePlayerView.h */,
				E6F4558F1C574A6400B69D29 /* ImagePlayerView.m */,
			);
			path = ImagePlayerView;
			sourceTree = "<group>";
		};
/* End PBXGroup section */

/* Begin PBXNativeTarget section */
		E65B0B2F1C4F7A24002262F1 /* Mai */ = {
			isa = PBXNativeTarget;
			buildConfigurationList = E65B0B471C4F7A24002262F1 /* Build configuration list for PBXNativeTarget "Mai" */;
			buildPhases = (
				E65B0B2C1C4F7A24002262F1 /* Sources */,
				E65B0B2D1C4F7A24002262F1 /* Frameworks */,
				E65B0B2E1C4F7A24002262F1 /* Resources */,
			);
			buildRules = (
			);
			dependencies = (
			);
			name = Mai;
			productName = Mai;
			productReference = E65B0B301C4F7A24002262F1 /* Mai.app */;
			productType = "com.apple.product-type.application";
		};
/* End PBXNativeTarget section */

/* Begin PBXProject section */
		E65B0B281C4F7A24002262F1 /* Project object */ = {
			isa = PBXProject;
			attributes = {
				LastUpgradeCheck = 0720;
				ORGANIZATIONNAME = freedom_luo;
				TargetAttributes = {
					E65B0B2F1C4F7A24002262F1 = {
						CreatedOnToolsVersion = 7.2;
						DevelopmentTeam = H5X5EL7Y76;
					};
				};
			};
			buildConfigurationList = E65B0B2B1C4F7A24002262F1 /* Build configuration list for PBXProject "Mai" */;
			compatibilityVersion = "Xcode 3.2";
			developmentRegion = English;
			hasScannedForEncodings = 0;
			knownRegions = (
				en,
				Base,
			);
			mainGroup = E65B0B271C4F7A24002262F1;
			productRefGroup = E65B0B311C4F7A24002262F1 /* Products */;
			projectDirPath = "";
			projectRoot = "";
			targets = (
				E65B0B2F1C4F7A24002262F1 /* Mai */,
			);
		};
/* End PBXProject section */

/* Begin PBXResourcesBuildPhase section */
		E65B0B2E1C4F7A24002262F1 /* Resources */ = {
			isa = PBXResourcesBuildPhase;
			buildActionMask = 2147483647;
			files = (
				E65B0B431C4F7A24002262F1 /* LaunchScreen.storyboard in Resources */,
				E65B0B401C4F7A24002262F1 /* Assets.xcassets in Resources */,
				E65B0BA51C4F84C4002262F1 /* MJRefresh.bundle in Resources */,
			);
			runOnlyForDeploymentPostprocessing = 0;
		};
/* End PBXResourcesBuildPhase section */

/* Begin PBXSourcesBuildPhase section */
		E65B0B2C1C4F7A24002262F1 /* Sources */ = {
			isa = PBXSourcesBuildPhase;
			buildActionMask = 2147483647;
			files = (
				E65B0BA71C4F84C4002262F1 /* UIScrollView+MJExtension.m in Sources */,
				E65B0BA61C4F84C4002262F1 /* MJRefreshConst.m in Sources */,
				E65B0BD31C4F84CE002262F1 /* SDWebImageManager.m in Sources */,
				E6BA81F11C508CDD00A5C16F /* TLTimeLimitViewController.m in Sources */,
				E65B0BD41C4F84CE002262F1 /* SDWebImagePrefetcher.m in Sources */,
				E65B0B671C4F84B8002262F1 /* AFURLRequestSerialization.m in Sources */,
				E65B0B9C1C4F84C4002262F1 /* MJRefreshAutoGifFooter.m in Sources */,
				E65B0BA81C4F84C4002262F1 /* UIScrollView+MJRefresh.m in Sources */,
				E65B0BDB1C4F84CE002262F1 /* UIView+WebCacheOperation.m in Sources */,
				E65B0B981C4F84C4002262F1 /* MJRefreshBackFooter.m in Sources */,
				E65B0BD21C4F84CE002262F1 /* SDWebImageDownloaderOperation.m in Sources */,
				E6C25CDD1C71A9E200FE6E9F /* SCGoodsListViewController.m in Sources */,
				E6F3CE1A1C5274C1001A3670 /* NSObject+HttpTask.m in Sources */,
				E65B0BA21C4F84C4002262F1 /* MJRefreshGifHeader.m in Sources */,
				E65B0B9F1C4F84C4002262F1 /* MJRefreshBackGifFooter.m in Sources */,
				E6BA81D91C5083DF00A5C16F /* MainViewController.m in Sources */,
				E65F9BE51C7417750047A8E5 /* UCOrderDetailsViewController.m in Sources */,
				E6F3CE0E1C523201001A3670 /* HHomeTableViewCell.m in Sources */,
				E6F3CE111C5232C2001A3670 /* HHomeDetailsViewController.m in Sources */,
				E6BA81F41C508CF200A5C16F /* SCShoppingCartViewController.m in Sources */,
				E65B0BA41C4F84C4002262F1 /* MJRefreshStateHeader.m in Sources */,
				E65B0B521C4F8005002262F1 /* UIView+Frame.m in Sources */,
				E6F3CE0B1C522FEA001A3670 /* NSObject+DataConvert.m in Sources */,
				E65F9BE81C74192C0047A8E5 /* UCGoodsListViewController.m in Sources */,
				E65B0B9D1C4F84C4002262F1 /* MJRefreshAutoNormalFooter.m in Sources */,
				E65B0B991C4F84C4002262F1 /* MJRefreshComponent.m in Sources */,
				E6F455901C574A6400B69D29 /* ImagePlayerView.m in Sources */,
				E65B0B381C4F7A24002262F1 /* AppDelegate.m in Sources */,
				E65F9BEB1C7419490047A8E5 /* UCGoodsListTableViewCell.m in Sources */,
				E65B0B691C4F84B8002262F1 /* AFURLSessionManager.m in Sources */,
				E65F9BE21C73F7FA0047A8E5 /* UCSelectAddressViewController.m in Sources */,
				E6BA82031C508D6500A5C16F /* PushViewAnimation.m in Sources */,
				E6C46A271C7594D9005D643A /* ULQuickLoginViewController.m in Sources */,
				E61CCE761C7201B100CAF626 /* CKeyboardToolBar.m in Sources */,
				E65B0BD61C4F84CE002262F1 /* UIImage+GIF.m in Sources */,
				E65B0BA91C4F84C4002262F1 /* UIView+MJExtension.m in Sources */,
				E65B0B681C4F84B8002262F1 /* AFURLResponseSerialization.m in Sources */,
				E65B0B651C4F84B8002262F1 /* AFNetworkReachabilityManager.m in Sources */,
				E65B0BDA1C4F84CE002262F1 /* UIImageView+WebCache.m in Sources */,
				E61ADDFE1C72BFF0009D0324 /* UCUserAddressViewController.m in Sources */,
				E6BA81E81C508AC800A5C16F /* BaseViewController.m in Sources */,
				E6BA81EE1C508C9D00A5C16F /* HHomeViewController.m in Sources */,
				E65B0BA11C4F84C4002262F1 /* MJRefreshBackStateFooter.m in Sources */,
				E6BA820B1C50B9E700A5C16F /* TabBarViewController.m in Sources */,
				E6C46A211C755B16005D643A /* CTextField.m in Sources */,
				E64732571C5CA449008061A5 /* HGoodsImageInfoViewController.m in Sources */,
				E65B0BDF1C4F8584002262F1 /* MBProgressHUD.m in Sources */,
				E64732541C5CA422008061A5 /* HGoodsDescriptionsViewController.m in Sources */,
				E65B0BD51C4F84CE002262F1 /* UIButton+WebCache.m in Sources */,
				E6C25CD11C7178B000FE6E9F /* SCConfirmOrderViewController.m in Sources */,
				E6ED93F61C5EEF7300127DC7 /* SCShoppingCartTableViewCell.m in Sources */,
				E65B0BD11C4F84CE002262F1 /* SDWebImageDownloader.m in Sources */,
				E65B0BD81C4F84CE002262F1 /* UIImage+WebP.m in Sources */,
				E65B0BD71C4F84CE002262F1 /* UIImage+MultiFormat.m in Sources */,
				E65B0B661C4F84B8002262F1 /* AFSecurityPolicy.m in Sources */,
				E65B0B641C4F84B8002262F1 /* AFHTTPSessionManager.m in Sources */,
				E6BA82041C508D6500A5C16F /* SwipeBackNavigationViewController.m in Sources */,
				E65B0B9B1C4F84C4002262F1 /* MJRefreshHeader.m in Sources */,
				E6BA82141C50C3BB00A5C16F /* HGoodsDetailsViewController.m in Sources */,
				E65B0BCF1C4F84CE002262F1 /* SDWebImageCompat.m in Sources */,
				E61ADE011C72D813009D0324 /* UCAddressDetailsViewController.m in Sources */,
				E6138CCB1C79B97B003A370E /* UCEditProfileViewController.m in Sources */,
				E6C46A241C7570C5005D643A /* ULRegisterViewController.m in Sources */,
				E65B0BA01C4F84C4002262F1 /* MJRefreshBackNormalFooter.m in Sources */,
				E65B0BD01C4F84CE002262F1 /* SDWebImageDecoder.m in Sources */,
				E6F3CE141C523387001A3670 /* HHomeDetailsTableViewCell.m in Sources */,
				E65B0BCE1C4F84CE002262F1 /* SDImageCache.m in Sources */,
				E65B0BCC1C4F84CE002262F1 /* MKAnnotationView+WebCache.m in Sources */,
				E65B0BA31C4F84C4002262F1 /* MJRefreshNormalHeader.m in Sources */,
				E65B0B551C4F8205002262F1 /* UILabel+AutoFrame.m in Sources */,
				E6E4C4911C605F4000B15B20 /* NSObject+Utils.m in Sources */,
				E65B0B9E1C4F84C4002262F1 /* MJRefreshAutoStateFooter.m in Sources */,
				E6BA82011C508D6500A5C16F /* BackViewAnimation.m in Sources */,
				E6BA81F71C508D0100A5C16F /* UCUserCenterViewController.m in Sources */,
				E6BA82021C508D6500A5C16F /* BackViewTransition.m in Sources */,
				E65B0B971C4F84C4002262F1 /* MJRefreshAutoFooter.m in Sources */,
				E647324E1C5CA0DF008061A5 /* CSlidingViewController.m in Sources */,
				E65B0BCD1C4F84CE002262F1 /* NSData+ImageContentType.m in Sources */,
				E6C627301C76A1AA00BD3F7E /* ULFindPasswordViewController.m in Sources */,
				E65B0BD91C4F84CE002262F1 /* UIImageView+HighlightedWebCache.m in Sources */,
				E6C46A1E1C75532E005D643A /* ULLoginViewController.m in Sources */,
				E65B0B351C4F7A24002262F1 /* main.m in Sources */,
				E663973A1C53967800E5F593 /* CAlertView.m in Sources */,
				E65B0B9A1C4F84C4002262F1 /* MJRefreshFooter.m in Sources */,
				E66397351C53926100E5F593 /* NSString+Utils.m in Sources */,
			);
			runOnlyForDeploymentPostprocessing = 0;
		};
/* End PBXSourcesBuildPhase section */

/* Begin PBXVariantGroup section */
		E65B0B411C4F7A24002262F1 /* LaunchScreen.storyboard */ = {
			isa = PBXVariantGroup;
			children = (
				E65B0B421C4F7A24002262F1 /* Base */,
			);
			name = LaunchScreen.storyboard;
			sourceTree = "<group>";
		};
/* End PBXVariantGroup section */

/* Begin XCBuildConfiguration section */
		E65B0B451C4F7A24002262F1 /* Debug */ = {
			isa = XCBuildConfiguration;
			buildSettings = {
				ALWAYS_SEARCH_USER_PATHS = NO;
				CLANG_CXX_LANGUAGE_STANDARD = "gnu++0x";
				CLANG_CXX_LIBRARY = "libc++";
				CLANG_ENABLE_MODULES = YES;
				CLANG_ENABLE_OBJC_ARC = YES;
				CLANG_WARN_BOOL_CONVERSION = YES;
				CLANG_WARN_CONSTANT_CONVERSION = YES;
				CLANG_WARN_DIRECT_OBJC_ISA_USAGE = YES_ERROR;
				CLANG_WARN_EMPTY_BODY = YES;
				CLANG_WARN_ENUM_CONVERSION = YES;
				CLANG_WARN_INT_CONVERSION = YES;
				CLANG_WARN_OBJC_ROOT_CLASS = YES_ERROR;
				CLANG_WARN_UNREACHABLE_CODE = YES;
				CLANG_WARN__DUPLICATE_METHOD_MATCH = YES;
				"CODE_SIGN_IDENTITY[sdk=iphoneos*]" = "iPhone Developer";
				COPY_PHASE_STRIP = NO;
				DEBUG_INFORMATION_FORMAT = dwarf;
				ENABLE_STRICT_OBJC_MSGSEND = YES;
				ENABLE_TESTABILITY = YES;
				GCC_C_LANGUAGE_STANDARD = gnu99;
				GCC_DYNAMIC_NO_PIC = NO;
				GCC_NO_COMMON_BLOCKS = YES;
				GCC_OPTIMIZATION_LEVEL = 0;
				GCC_PREPROCESSOR_DEFINITIONS = (
					"DEBUG=1",
					"$(inherited)",
				);
				GCC_WARN_64_TO_32_BIT_CONVERSION = YES;
				GCC_WARN_ABOUT_RETURN_TYPE = YES_ERROR;
				GCC_WARN_UNDECLARED_SELECTOR = YES;
				GCC_WARN_UNINITIALIZED_AUTOS = YES_AGGRESSIVE;
				GCC_WARN_UNUSED_FUNCTION = YES;
				GCC_WARN_UNUSED_VARIABLE = YES;
				IPHONEOS_DEPLOYMENT_TARGET = 9.2;
				MTL_ENABLE_DEBUG_INFO = YES;
				ONLY_ACTIVE_ARCH = YES;
				SDKROOT = iphoneos;
			};
			name = Debug;
		};
		E65B0B461C4F7A24002262F1 /* Release */ = {
			isa = XCBuildConfiguration;
			buildSettings = {
				ALWAYS_SEARCH_USER_PATHS = NO;
				CLANG_CXX_LANGUAGE_STANDARD = "gnu++0x";
				CLANG_CXX_LIBRARY = "libc++";
				CLANG_ENABLE_MODULES = YES;
				CLANG_ENABLE_OBJC_ARC = YES;
				CLANG_WARN_BOOL_CONVERSION = YES;
				CLANG_WARN_CONSTANT_CONVERSION = YES;
				CLANG_WARN_DIRECT_OBJC_ISA_USAGE = YES_ERROR;
				CLANG_WARN_EMPTY_BODY = YES;
				CLANG_WARN_ENUM_CONVERSION = YES;
				CLANG_WARN_INT_CONVERSION = YES;
				CLANG_WARN_OBJC_ROOT_CLASS = YES_ERROR;
				CLANG_WARN_UNREACHABLE_CODE = YES;
				CLANG_WARN__DUPLICATE_METHOD_MATCH = YES;
				"CODE_SIGN_IDENTITY[sdk=iphoneos*]" = "iPhone Developer";
				COPY_PHASE_STRIP = NO;
				DEBUG_INFORMATION_FORMAT = "dwarf-with-dsym";
				ENABLE_NS_ASSERTIONS = NO;
				ENABLE_STRICT_OBJC_MSGSEND = YES;
				GCC_C_LANGUAGE_STANDARD = gnu99;
				GCC_NO_COMMON_BLOCKS = YES;
				GCC_WARN_64_TO_32_BIT_CONVERSION = YES;
				GCC_WARN_ABOUT_RETURN_TYPE = YES_ERROR;
				GCC_WARN_UNDECLARED_SELECTOR = YES;
				GCC_WARN_UNINITIALIZED_AUTOS = YES_AGGRESSIVE;
				GCC_WARN_UNUSED_FUNCTION = YES;
				GCC_WARN_UNUSED_VARIABLE = YES;
				IPHONEOS_DEPLOYMENT_TARGET = 9.2;
				MTL_ENABLE_DEBUG_INFO = NO;
				SDKROOT = iphoneos;
				VALIDATE_PRODUCT = YES;
			};
			name = Release;
		};
		E65B0B481C4F7A24002262F1 /* Debug */ = {
			isa = XCBuildConfiguration;
			buildSettings = {
				ASSETCATALOG_COMPILER_APPICON_NAME = AppIcon;
				CODE_SIGN_IDENTITY = "iPhone Developer";
				INFOPLIST_FILE = Mai/Info.plist;
				IPHONEOS_DEPLOYMENT_TARGET = 8.0;
				LD_RUNPATH_SEARCH_PATHS = "$(inherited) @executable_path/Frameworks";
				PRODUCT_BUNDLE_IDENTIFIER = com.chulaimai.Mai;
				PRODUCT_NAME = "$(TARGET_NAME)";
			};
			name = Debug;
		};
		E65B0B491C4F7A24002262F1 /* Release */ = {
			isa = XCBuildConfiguration;
			buildSettings = {
				ASSETCATALOG_COMPILER_APPICON_NAME = AppIcon;
				CODE_SIGN_IDENTITY = "iPhone Developer";
				INFOPLIST_FILE = Mai/Info.plist;
				IPHONEOS_DEPLOYMENT_TARGET = 8.0;
				LD_RUNPATH_SEARCH_PATHS = "$(inherited) @executable_path/Frameworks";
				PRODUCT_BUNDLE_IDENTIFIER = com.chulaimai.Mai;
				PRODUCT_NAME = "$(TARGET_NAME)";
			};
			name = Release;
		};
/* End XCBuildConfiguration section */

/* Begin XCConfigurationList section */
		E65B0B2B1C4F7A24002262F1 /* Build configuration list for PBXProject "Mai" */ = {
			isa = XCConfigurationList;
			buildConfigurations = (
				E65B0B451C4F7A24002262F1 /* Debug */,
				E65B0B461C4F7A24002262F1 /* Release */,
			);
			defaultConfigurationIsVisible = 0;
			defaultConfigurationName = Release;
		};
		E65B0B471C4F7A24002262F1 /* Build configuration list for PBXNativeTarget "Mai" */ = {
			isa = XCConfigurationList;
			buildConfigurations = (
				E65B0B481C4F7A24002262F1 /* Debug */,
				E65B0B491C4F7A24002262F1 /* Release */,
			);
			defaultConfigurationIsVisible = 0;
			defaultConfigurationName = Release;
		};
/* End XCConfigurationList section */
	};
	rootObject = E65B0B281C4F7A24002262F1 /* Project object */;
}
